// !$*UTF8*$!
{
	archiveVersion = 1;
	classes = {
	};
	objectVersion = 55;
	objects = {

/* Begin PBXBuildFile section */
		8E9D1641287AD0F400269EA2 /* Colors.xcassets in Resources */ = {isa = PBXBuildFile; fileRef = 8E9D1640287AD0F400269EA2 /* Colors.xcassets */; };
		8E9D1643287AD62300269EA2 /* UIColorLiteral.swift in Sources */ = {isa = PBXBuildFile; fileRef = 8E9D1642287AD62300269EA2 /* UIColorLiteral.swift */; };
		CE380B0C2878A3AF0030D51A /* NSObject+.swift in Sources */ = {isa = PBXBuildFile; fileRef = CE380B0B2878A3AF0030D51A /* NSObject+.swift */; };
		CEA4BE2D2873094C008583C3 /* Then in Frameworks */ = {isa = PBXBuildFile; productRef = CEA4BE2C2873094C008583C3 /* Then */; };
		CEA4BE302873096C008583C3 /* SnapKit in Frameworks */ = {isa = PBXBuildFile; productRef = CEA4BE2F2873096C008583C3 /* SnapKit */; };
		CEA4BE33287309A7008583C3 /* Alamofire in Frameworks */ = {isa = PBXBuildFile; productRef = CEA4BE32287309A7008583C3 /* Alamofire */; };
		CEA4BE36287309D5008583C3 /* Kingfisher in Frameworks */ = {isa = PBXBuildFile; productRef = CEA4BE35287309D5008583C3 /* Kingfisher */; };
		CEBB69D32873087D000EEB8A /* AppDelegate.swift in Sources */ = {isa = PBXBuildFile; fileRef = CEBB69D22873087D000EEB8A /* AppDelegate.swift */; };
		CEBB69D52873087D000EEB8A /* SceneDelegate.swift in Sources */ = {isa = PBXBuildFile; fileRef = CEBB69D42873087D000EEB8A /* SceneDelegate.swift */; };
		CEBB69D72873087D000EEB8A /* TabBarController.swift in Sources */ = {isa = PBXBuildFile; fileRef = CEBB69D62873087D000EEB8A /* TabBarController.swift */; };
		CEBB69DC2873087F000EEB8A /* Assets.xcassets in Resources */ = {isa = PBXBuildFile; fileRef = CEBB69DB2873087F000EEB8A /* Assets.xcassets */; };
		CEBB69DF2873087F000EEB8A /* LaunchScreen.storyboard in Resources */ = {isa = PBXBuildFile; fileRef = CEBB69DD2873087F000EEB8A /* LaunchScreen.storyboard */; };
		CEF6E04328780EDA00A1636F /* tempFoundation.swift in Sources */ = {isa = PBXBuildFile; fileRef = CEF6E04228780EDA00A1636F /* tempFoundation.swift */; };
		CEF6E04528780EE100A1636F /* tempAPIService.swift in Sources */ = {isa = PBXBuildFile; fileRef = CEF6E04428780EE100A1636F /* tempAPIService.swift */; };
		CEF6E04728780EE800A1636F /* tempModel.swift in Sources */ = {isa = PBXBuildFile; fileRef = CEF6E04628780EE800A1636F /* tempModel.swift */; };
		CEF6E05428780FAA00A1636F /* CustomViewPager.swift in Sources */ = {isa = PBXBuildFile; fileRef = CEF6E05328780FAA00A1636F /* CustomViewPager.swift */; };
		CEF6E07D287814A400A1636F /* tempAuthModel.swift in Sources */ = {isa = PBXBuildFile; fileRef = CEF6E07C287814A400A1636F /* tempAuthModel.swift */; };
		CEF6E07F287814AB00A1636F /* tempAuthView.swift in Sources */ = {isa = PBXBuildFile; fileRef = CEF6E07E287814AB00A1636F /* tempAuthView.swift */; };
		CEF6E081287814AF00A1636F /* tempAuthController.swift in Sources */ = {isa = PBXBuildFile; fileRef = CEF6E080287814AF00A1636F /* tempAuthController.swift */; };
		CEF6E083287814B300A1636F /* tempCreateCharacterModel.swift in Sources */ = {isa = PBXBuildFile; fileRef = CEF6E082287814B300A1636F /* tempCreateCharacterModel.swift */; };
		CEF6E085287814B700A1636F /* tempCreateCharacterView.swift in Sources */ = {isa = PBXBuildFile; fileRef = CEF6E084287814B700A1636F /* tempCreateCharacterView.swift */; };
		CEF6E087287814BA00A1636F /* tempCreateCharacterController.swift in Sources */ = {isa = PBXBuildFile; fileRef = CEF6E086287814BA00A1636F /* tempCreateCharacterController.swift */; };
		CEF6E089287814BF00A1636F /* tempHappicCapsuleModel.swift in Sources */ = {isa = PBXBuildFile; fileRef = CEF6E088287814BF00A1636F /* tempHappicCapsuleModel.swift */; };
		CEF6E08B287814C400A1636F /* tempHappicCapsuleView.swift in Sources */ = {isa = PBXBuildFile; fileRef = CEF6E08A287814C400A1636F /* tempHappicCapsuleView.swift */; };
		CEF6E08D287814C900A1636F /* tempHappicCapsuleController.swift in Sources */ = {isa = PBXBuildFile; fileRef = CEF6E08C287814C900A1636F /* tempHappicCapsuleController.swift */; };
		CEF6E08F287814CD00A1636F /* tempHomeModel.swift in Sources */ = {isa = PBXBuildFile; fileRef = CEF6E08E287814CD00A1636F /* tempHomeModel.swift */; };
		CEF6E091287814D100A1636F /* tempHomeView.swift in Sources */ = {isa = PBXBuildFile; fileRef = CEF6E090287814D100A1636F /* tempHomeView.swift */; };
		CEF6E093287814D500A1636F /* HomeController.swift in Sources */ = {isa = PBXBuildFile; fileRef = CEF6E092287814D500A1636F /* HomeController.swift */; };
		CEF6E095287814DA00A1636F /* tempHaruHappicModel.swift in Sources */ = {isa = PBXBuildFile; fileRef = CEF6E094287814DA00A1636F /* tempHaruHappicModel.swift */; };
		CEF6E097287814DD00A1636F /* tempHaruHappicView.swift in Sources */ = {isa = PBXBuildFile; fileRef = CEF6E096287814DD00A1636F /* tempHaruHappicView.swift */; };
		CEF6E099287814E100A1636F /* HaruHappicController.swift in Sources */ = {isa = PBXBuildFile; fileRef = CEF6E098287814E100A1636F /* HaruHappicController.swift */; };
		CEF6E09B287814E600A1636F /* tempCreateContentsModel.swift in Sources */ = {isa = PBXBuildFile; fileRef = CEF6E09A287814E600A1636F /* tempCreateContentsModel.swift */; };
		CEF6E09D287814E900A1636F /* tempCreateContentsView.swift in Sources */ = {isa = PBXBuildFile; fileRef = CEF6E09C287814E900A1636F /* tempCreateContentsView.swift */; };
		CEF6E09F287814ED00A1636F /* CreateContentsController.swift in Sources */ = {isa = PBXBuildFile; fileRef = CEF6E09E287814ED00A1636F /* CreateContentsController.swift */; };
		CEF6E0A1287814F200A1636F /* tempHappicReportModel.swift in Sources */ = {isa = PBXBuildFile; fileRef = CEF6E0A0287814F200A1636F /* tempHappicReportModel.swift */; };
		CEF6E0A3287814F600A1636F /* BestHappicMomentView.swift in Sources */ = {isa = PBXBuildFile; fileRef = CEF6E0A2287814F600A1636F /* BestHappicMomentView.swift */; };
		CEF6E0A5287814FC00A1636F /* HappicReportController.swift in Sources */ = {isa = PBXBuildFile; fileRef = CEF6E0A4287814FC00A1636F /* HappicReportController.swift */; };
		CEF6E0A72878150100A1636F /* tempSettingModel.swift in Sources */ = {isa = PBXBuildFile; fileRef = CEF6E0A62878150100A1636F /* tempSettingModel.swift */; };
		CEF6E0A92878150400A1636F /* tempSettingView.swift in Sources */ = {isa = PBXBuildFile; fileRef = CEF6E0A82878150400A1636F /* tempSettingView.swift */; };
		CEF6E0AB2878150700A1636F /* SettingController.swift in Sources */ = {isa = PBXBuildFile; fileRef = CEF6E0AA2878150700A1636F /* SettingController.swift */; };
		CEF6E0AE2878973E00A1636F /* Tabman in Frameworks */ = {isa = PBXBuildFile; productRef = CEF6E0AD2878973E00A1636F /* Tabman */; };
		CEF6E0B028789F8A00A1636F /* Adjusted+.swift in Sources */ = {isa = PBXBuildFile; fileRef = CEF6E0AF28789F8A00A1636F /* Adjusted+.swift */; };
		CEF6E0B228789FFC00A1636F /* UIViewController+.swift in Sources */ = {isa = PBXBuildFile; fileRef = CEF6E0B128789FFC00A1636F /* UIViewController+.swift */; };
		CEF6E0B42878A08400A1636F /* UITextField+.swift in Sources */ = {isa = PBXBuildFile; fileRef = CEF6E0B32878A08400A1636F /* UITextField+.swift */; };
		CEF6E0B62878A0C900A1636F /* UIView+.swift in Sources */ = {isa = PBXBuildFile; fileRef = CEF6E0B52878A0C900A1636F /* UIView+.swift */; };
		CEF6E0B82878A1C200A1636F /* String+.swift in Sources */ = {isa = PBXBuildFile; fileRef = CEF6E0B72878A1C200A1636F /* String+.swift */; };
		CEF6E0BA2878A21B00A1636F /* UserDefaults+.swift in Sources */ = {isa = PBXBuildFile; fileRef = CEF6E0B92878A21B00A1636F /* UserDefaults+.swift */; };
/* End PBXBuildFile section */

/* Begin PBXFileReference section */
		8E9D1640287AD0F400269EA2 /* Colors.xcassets */ = {isa = PBXFileReference; lastKnownFileType = folder.assetcatalog; path = Colors.xcassets; sourceTree = "<group>"; };
		8E9D1642287AD62300269EA2 /* UIColorLiteral.swift */ = {isa = PBXFileReference; lastKnownFileType = sourcecode.swift; path = UIColorLiteral.swift; sourceTree = "<group>"; };
		CE380B0B2878A3AF0030D51A /* NSObject+.swift */ = {isa = PBXFileReference; lastKnownFileType = sourcecode.swift; path = "NSObject+.swift"; sourceTree = "<group>"; };
		CEBB69CF2873087D000EEB8A /* Happic-iOS.app */ = {isa = PBXFileReference; explicitFileType = wrapper.application; includeInIndex = 0; path = "Happic-iOS.app"; sourceTree = BUILT_PRODUCTS_DIR; };
		CEBB69D22873087D000EEB8A /* AppDelegate.swift */ = {isa = PBXFileReference; lastKnownFileType = sourcecode.swift; path = AppDelegate.swift; sourceTree = "<group>"; };
		CEBB69D42873087D000EEB8A /* SceneDelegate.swift */ = {isa = PBXFileReference; lastKnownFileType = sourcecode.swift; path = SceneDelegate.swift; sourceTree = "<group>"; };
		CEBB69D62873087D000EEB8A /* TabBarController.swift */ = {isa = PBXFileReference; lastKnownFileType = sourcecode.swift; path = TabBarController.swift; sourceTree = "<group>"; };
		CEBB69DB2873087F000EEB8A /* Assets.xcassets */ = {isa = PBXFileReference; lastKnownFileType = folder.assetcatalog; path = Assets.xcassets; sourceTree = "<group>"; };
		CEBB69DE2873087F000EEB8A /* Base */ = {isa = PBXFileReference; lastKnownFileType = file.storyboard; name = Base; path = Base.lproj/LaunchScreen.storyboard; sourceTree = "<group>"; };
		CEBB69E02873087F000EEB8A /* Info.plist */ = {isa = PBXFileReference; lastKnownFileType = text.plist.xml; path = Info.plist; sourceTree = "<group>"; };
		CEF6E04228780EDA00A1636F /* tempFoundation.swift */ = {isa = PBXFileReference; lastKnownFileType = sourcecode.swift; path = tempFoundation.swift; sourceTree = "<group>"; };
		CEF6E04428780EE100A1636F /* tempAPIService.swift */ = {isa = PBXFileReference; lastKnownFileType = sourcecode.swift; path = tempAPIService.swift; sourceTree = "<group>"; };
		CEF6E04628780EE800A1636F /* tempModel.swift */ = {isa = PBXFileReference; lastKnownFileType = sourcecode.swift; path = tempModel.swift; sourceTree = "<group>"; };
		CEF6E05328780FAA00A1636F /* CustomViewPager.swift */ = {isa = PBXFileReference; lastKnownFileType = sourcecode.swift; path = CustomViewPager.swift; sourceTree = "<group>"; };
		CEF6E07C287814A400A1636F /* tempAuthModel.swift */ = {isa = PBXFileReference; lastKnownFileType = sourcecode.swift; path = tempAuthModel.swift; sourceTree = "<group>"; };
		CEF6E07E287814AB00A1636F /* tempAuthView.swift */ = {isa = PBXFileReference; lastKnownFileType = sourcecode.swift; path = tempAuthView.swift; sourceTree = "<group>"; };
		CEF6E080287814AF00A1636F /* tempAuthController.swift */ = {isa = PBXFileReference; lastKnownFileType = sourcecode.swift; path = tempAuthController.swift; sourceTree = "<group>"; };
		CEF6E082287814B300A1636F /* tempCreateCharacterModel.swift */ = {isa = PBXFileReference; lastKnownFileType = sourcecode.swift; path = tempCreateCharacterModel.swift; sourceTree = "<group>"; };
		CEF6E084287814B700A1636F /* tempCreateCharacterView.swift */ = {isa = PBXFileReference; lastKnownFileType = sourcecode.swift; path = tempCreateCharacterView.swift; sourceTree = "<group>"; };
		CEF6E086287814BA00A1636F /* tempCreateCharacterController.swift */ = {isa = PBXFileReference; lastKnownFileType = sourcecode.swift; path = tempCreateCharacterController.swift; sourceTree = "<group>"; };
		CEF6E088287814BF00A1636F /* tempHappicCapsuleModel.swift */ = {isa = PBXFileReference; lastKnownFileType = sourcecode.swift; path = tempHappicCapsuleModel.swift; sourceTree = "<group>"; };
		CEF6E08A287814C400A1636F /* tempHappicCapsuleView.swift */ = {isa = PBXFileReference; lastKnownFileType = sourcecode.swift; path = tempHappicCapsuleView.swift; sourceTree = "<group>"; };
		CEF6E08C287814C900A1636F /* tempHappicCapsuleController.swift */ = {isa = PBXFileReference; lastKnownFileType = sourcecode.swift; path = tempHappicCapsuleController.swift; sourceTree = "<group>"; };
		CEF6E08E287814CD00A1636F /* tempHomeModel.swift */ = {isa = PBXFileReference; lastKnownFileType = sourcecode.swift; path = tempHomeModel.swift; sourceTree = "<group>"; };
		CEF6E090287814D100A1636F /* tempHomeView.swift */ = {isa = PBXFileReference; lastKnownFileType = sourcecode.swift; path = tempHomeView.swift; sourceTree = "<group>"; };
		CEF6E092287814D500A1636F /* HomeController.swift */ = {isa = PBXFileReference; lastKnownFileType = sourcecode.swift; path = HomeController.swift; sourceTree = "<group>"; };
		CEF6E094287814DA00A1636F /* tempHaruHappicModel.swift */ = {isa = PBXFileReference; lastKnownFileType = sourcecode.swift; path = tempHaruHappicModel.swift; sourceTree = "<group>"; };
		CEF6E096287814DD00A1636F /* tempHaruHappicView.swift */ = {isa = PBXFileReference; lastKnownFileType = sourcecode.swift; path = tempHaruHappicView.swift; sourceTree = "<group>"; };
		CEF6E098287814E100A1636F /* HaruHappicController.swift */ = {isa = PBXFileReference; lastKnownFileType = sourcecode.swift; path = HaruHappicController.swift; sourceTree = "<group>"; };
		CEF6E09A287814E600A1636F /* tempCreateContentsModel.swift */ = {isa = PBXFileReference; lastKnownFileType = sourcecode.swift; path = tempCreateContentsModel.swift; sourceTree = "<group>"; };
		CEF6E09C287814E900A1636F /* tempCreateContentsView.swift */ = {isa = PBXFileReference; lastKnownFileType = sourcecode.swift; path = tempCreateContentsView.swift; sourceTree = "<group>"; };
		CEF6E09E287814ED00A1636F /* CreateContentsController.swift */ = {isa = PBXFileReference; lastKnownFileType = sourcecode.swift; path = CreateContentsController.swift; sourceTree = "<group>"; };
		CEF6E0A0287814F200A1636F /* tempHappicReportModel.swift */ = {isa = PBXFileReference; lastKnownFileType = sourcecode.swift; path = tempHappicReportModel.swift; sourceTree = "<group>"; };
		CEF6E0A2287814F600A1636F /* BestHappicMomentView.swift */ = {isa = PBXFileReference; lastKnownFileType = sourcecode.swift; path = BestHappicMomentView.swift; sourceTree = "<group>"; };
		CEF6E0A4287814FC00A1636F /* HappicReportController.swift */ = {isa = PBXFileReference; lastKnownFileType = sourcecode.swift; path = HappicReportController.swift; sourceTree = "<group>"; };
		CEF6E0A62878150100A1636F /* tempSettingModel.swift */ = {isa = PBXFileReference; lastKnownFileType = sourcecode.swift; path = tempSettingModel.swift; sourceTree = "<group>"; };
		CEF6E0A82878150400A1636F /* tempSettingView.swift */ = {isa = PBXFileReference; lastKnownFileType = sourcecode.swift; path = tempSettingView.swift; sourceTree = "<group>"; };
		CEF6E0AA2878150700A1636F /* SettingController.swift */ = {isa = PBXFileReference; lastKnownFileType = sourcecode.swift; path = SettingController.swift; sourceTree = "<group>"; };
		CEF6E0AF28789F8A00A1636F /* Adjusted+.swift */ = {isa = PBXFileReference; lastKnownFileType = sourcecode.swift; path = "Adjusted+.swift"; sourceTree = "<group>"; };
		CEF6E0B128789FFC00A1636F /* UIViewController+.swift */ = {isa = PBXFileReference; lastKnownFileType = sourcecode.swift; path = "UIViewController+.swift"; sourceTree = "<group>"; };
		CEF6E0B32878A08400A1636F /* UITextField+.swift */ = {isa = PBXFileReference; lastKnownFileType = sourcecode.swift; path = "UITextField+.swift"; sourceTree = "<group>"; };
		CEF6E0B52878A0C900A1636F /* UIView+.swift */ = {isa = PBXFileReference; lastKnownFileType = sourcecode.swift; path = "UIView+.swift"; sourceTree = "<group>"; };
		CEF6E0B72878A1C200A1636F /* String+.swift */ = {isa = PBXFileReference; lastKnownFileType = sourcecode.swift; path = "String+.swift"; sourceTree = "<group>"; };
		CEF6E0B92878A21B00A1636F /* UserDefaults+.swift */ = {isa = PBXFileReference; lastKnownFileType = sourcecode.swift; path = "UserDefaults+.swift"; sourceTree = "<group>"; };
/* End PBXFileReference section */

/* Begin PBXFrameworksBuildPhase section */
		CEBB69CC2873087D000EEB8A /* Frameworks */ = {
			isa = PBXFrameworksBuildPhase;
			buildActionMask = 2147483647;
			files = (
				CEF6E0AE2878973E00A1636F /* Tabman in Frameworks */,
				CEA4BE36287309D5008583C3 /* Kingfisher in Frameworks */,
				CEA4BE33287309A7008583C3 /* Alamofire in Frameworks */,
				CEA4BE2D2873094C008583C3 /* Then in Frameworks */,
				CEA4BE302873096C008583C3 /* SnapKit in Frameworks */,
			);
			runOnlyForDeploymentPostprocessing = 0;
		};
/* End PBXFrameworksBuildPhase section */

/* Begin PBXGroup section */
		CEBB69C62873087D000EEB8A = {
			isa = PBXGroup;
			children = (
				CEBB69D12873087D000EEB8A /* Happic-iOS */,
				CEBB69D02873087D000EEB8A /* Products */,
			);
			sourceTree = "<group>";
		};
		CEBB69D02873087D000EEB8A /* Products */ = {
			isa = PBXGroup;
			children = (
				CEBB69CF2873087D000EEB8A /* Happic-iOS.app */,
			);
			name = Products;
			sourceTree = "<group>";
		};
		CEBB69D12873087D000EEB8A /* Happic-iOS */ = {
			isa = PBXGroup;
			children = (
				CEF6E03C28780DE000A1636F /* Network */,
				CEF6E03D28780DE900A1636F /* Global */,
				CEF6E03E28780DEF00A1636F /* Screens */,
				CEBB69E02873087F000EEB8A /* Info.plist */,
			);
			path = "Happic-iOS";
			sourceTree = "<group>";
		};
		CEF6E03C28780DE000A1636F /* Network */ = {
			isa = PBXGroup;
			children = (
				CEF6E04128780EBB00A1636F /* Foundation */,
				CEF6E04028780E7000A1636F /* APIService */,
				CEF6E03F28780E6900A1636F /* Model */,
			);
			path = Network;
			sourceTree = "<group>";
		};
		CEF6E03D28780DE900A1636F /* Global */ = {
			isa = PBXGroup;
			children = (
				CEF6E04C28780F3D00A1636F /* Literal */,
				CEF6E04B28780F3000A1636F /* Extension */,
				CEF6E04A28780F2000A1636F /* Resource */,
				CEF6E04928780F0B00A1636F /* UIComponent */,
				CEF6E04828780F0100A1636F /* Supports */,
			);
			path = Global;
			sourceTree = "<group>";
		};
		CEF6E03E28780DEF00A1636F /* Screens */ = {
			isa = PBXGroup;
			children = (
				CEF6E057287810B200A1636F /* Tabbar */,
				CEF6E05B2878127700A1636F /* Auth */,
				CEF6E05A2878124900A1636F /* CreateCharacter */,
				CEF6E05D2878131E00A1636F /* HappicCapsule */,
				CEF6E0592878117F00A1636F /* Home */,
				CEF6E05C2878128F00A1636F /* HaruHappic */,
				CEF6E0602878135400A1636F /* CreateContents */,
				CEF6E05E2878132E00A1636F /* HappicReport */,
				CEF6E05F2878133400A1636F /* Setting */,
			);
			path = Screens;
			sourceTree = "<group>";
		};
		CEF6E03F28780E6900A1636F /* Model */ = {
			isa = PBXGroup;
			children = (
				CEF6E04628780EE800A1636F /* tempModel.swift */,
			);
			path = Model;
			sourceTree = "<group>";
		};
		CEF6E04028780E7000A1636F /* APIService */ = {
			isa = PBXGroup;
			children = (
				CEF6E04428780EE100A1636F /* tempAPIService.swift */,
			);
			path = APIService;
			sourceTree = "<group>";
		};
		CEF6E04128780EBB00A1636F /* Foundation */ = {
			isa = PBXGroup;
			children = (
				CEF6E04228780EDA00A1636F /* tempFoundation.swift */,
			);
			path = Foundation;
			sourceTree = "<group>";
		};
		CEF6E04828780F0100A1636F /* Supports */ = {
			isa = PBXGroup;
			children = (
				CEBB69D22873087D000EEB8A /* AppDelegate.swift */,
				CEBB69D42873087D000EEB8A /* SceneDelegate.swift */,
			);
			path = Supports;
			sourceTree = "<group>";
		};
		CEF6E04928780F0B00A1636F /* UIComponent */ = {
			isa = PBXGroup;
			children = (
				CEF6E05328780FAA00A1636F /* CustomViewPager.swift */,
			);
			path = UIComponent;
			sourceTree = "<group>";
		};
		CEF6E04A28780F2000A1636F /* Resource */ = {
			isa = PBXGroup;
			children = (
				CEBB69DB2873087F000EEB8A /* Assets.xcassets */,
				8E9D1640287AD0F400269EA2 /* Colors.xcassets */,
				CEBB69DD2873087F000EEB8A /* LaunchScreen.storyboard */,
			);
			path = Resource;
			sourceTree = "<group>";
		};
		CEF6E04B28780F3000A1636F /* Extension */ = {
			isa = PBXGroup;
			children = (
				CEF6E0AF28789F8A00A1636F /* Adjusted+.swift */,
				CEF6E0B128789FFC00A1636F /* UIViewController+.swift */,
				CEF6E0B32878A08400A1636F /* UITextField+.swift */,
				CEF6E0B52878A0C900A1636F /* UIView+.swift */,
				CEF6E0B72878A1C200A1636F /* String+.swift */,
				CEF6E0B92878A21B00A1636F /* UserDefaults+.swift */,
				CE380B0B2878A3AF0030D51A /* NSObject+.swift */,
			);
			path = Extension;
			sourceTree = "<group>";
		};
		CEF6E04C28780F3D00A1636F /* Literal */ = {
			isa = PBXGroup;
			children = (
				8E9D1642287AD62300269EA2 /* UIColorLiteral.swift */,
			);
			path = Literal;
			sourceTree = "<group>";
		};
		CEF6E057287810B200A1636F /* Tabbar */ = {
			isa = PBXGroup;
			children = (
				CEF6E058287810BD00A1636F /* Controller */,
			);
			path = Tabbar;
			sourceTree = "<group>";
		};
		CEF6E058287810BD00A1636F /* Controller */ = {
			isa = PBXGroup;
			children = (
				CEBB69D62873087D000EEB8A /* TabBarController.swift */,
			);
			path = Controller;
			sourceTree = "<group>";
		};
		CEF6E0592878117F00A1636F /* Home */ = {
			isa = PBXGroup;
			children = (
				CEF6E06C2878144800A1636F /* Model */,
				CEF6E06B2878144500A1636F /* View */,
				CEF6E06A2878144100A1636F /* Controller */,
			);
			path = Home;
			sourceTree = "<group>";
		};
		CEF6E05A2878124900A1636F /* CreateCharacter */ = {
			isa = PBXGroup;
			children = (
				CEF6E0662878142900A1636F /* Model */,
				CEF6E0652878142500A1636F /* View */,
				CEF6E0642878142000A1636F /* Controller */,
			);
			path = CreateCharacter;
			sourceTree = "<group>";
		};
		CEF6E05B2878127700A1636F /* Auth */ = {
			isa = PBXGroup;
			children = (
				CEF6E0612878140000A1636F /* Model */,
				CEF6E0622878140500A1636F /* View */,
				CEF6E0632878141000A1636F /* Controller */,
			);
			path = Auth;
			sourceTree = "<group>";
		};
		CEF6E05C2878128F00A1636F /* HaruHappic */ = {
			isa = PBXGroup;
			children = (
				CEF6E06F2878145300A1636F /* Model */,
				CEF6E06E2878144F00A1636F /* View */,
				CEF6E06D2878144C00A1636F /* Controller */,
			);
			path = HaruHappic;
			sourceTree = "<group>";
		};
		CEF6E05D2878131E00A1636F /* HappicCapsule */ = {
			isa = PBXGroup;
			children = (
				CEF6E0692878143700A1636F /* Model */,
				CEF6E0682878143400A1636F /* View */,
				CEF6E0672878143000A1636F /* Controller */,
			);
			path = HappicCapsule;
			sourceTree = "<group>";
		};
		CEF6E05E2878132E00A1636F /* HappicReport */ = {
			isa = PBXGroup;
			children = (
				CEF6E0752878146800A1636F /* Model */,
				CEF6E0742878146500A1636F /* View */,
				CEF6E0732878146100A1636F /* Controller */,
			);
			path = HappicReport;
			sourceTree = "<group>";
		};
		CEF6E05F2878133400A1636F /* Setting */ = {
			isa = PBXGroup;
			children = (
				CEF6E0762878146D00A1636F /* Model */,
				CEF6E0782878147600A1636F /* View */,
				CEF6E0772878146F00A1636F /* Controller */,
			);
			path = Setting;
			sourceTree = "<group>";
		};
		CEF6E0602878135400A1636F /* CreateContents */ = {
			isa = PBXGroup;
			children = (
				CEF6E0722878145D00A1636F /* Model */,
				CEF6E0712878145A00A1636F /* View */,
				CEF6E0702878145700A1636F /* Controller */,
			);
			path = CreateContents;
			sourceTree = "<group>";
		};
		CEF6E0612878140000A1636F /* Model */ = {
			isa = PBXGroup;
			children = (
				CEF6E07C287814A400A1636F /* tempAuthModel.swift */,
			);
			path = Model;
			sourceTree = "<group>";
		};
		CEF6E0622878140500A1636F /* View */ = {
			isa = PBXGroup;
			children = (
				CEF6E07E287814AB00A1636F /* tempAuthView.swift */,
			);
			path = View;
			sourceTree = "<group>";
		};
		CEF6E0632878141000A1636F /* Controller */ = {
			isa = PBXGroup;
			children = (
				CEF6E080287814AF00A1636F /* tempAuthController.swift */,
			);
			path = Controller;
			sourceTree = "<group>";
		};
		CEF6E0642878142000A1636F /* Controller */ = {
			isa = PBXGroup;
			children = (
				CEF6E086287814BA00A1636F /* tempCreateCharacterController.swift */,
			);
			path = Controller;
			sourceTree = "<group>";
		};
		CEF6E0652878142500A1636F /* View */ = {
			isa = PBXGroup;
			children = (
				CEF6E084287814B700A1636F /* tempCreateCharacterView.swift */,
			);
			path = View;
			sourceTree = "<group>";
		};
		CEF6E0662878142900A1636F /* Model */ = {
			isa = PBXGroup;
			children = (
				CEF6E082287814B300A1636F /* tempCreateCharacterModel.swift */,
			);
			path = Model;
			sourceTree = "<group>";
		};
		CEF6E0672878143000A1636F /* Controller */ = {
			isa = PBXGroup;
			children = (
				CEF6E08C287814C900A1636F /* tempHappicCapsuleController.swift */,
			);
			path = Controller;
			sourceTree = "<group>";
		};
		CEF6E0682878143400A1636F /* View */ = {
			isa = PBXGroup;
			children = (
				CEF6E08A287814C400A1636F /* tempHappicCapsuleView.swift */,
			);
			path = View;
			sourceTree = "<group>";
		};
		CEF6E0692878143700A1636F /* Model */ = {
			isa = PBXGroup;
			children = (
				CEF6E088287814BF00A1636F /* tempHappicCapsuleModel.swift */,
			);
			path = Model;
			sourceTree = "<group>";
		};
		CEF6E06A2878144100A1636F /* Controller */ = {
			isa = PBXGroup;
			children = (
				CEF6E092287814D500A1636F /* HomeController.swift */,
			);
			path = Controller;
			sourceTree = "<group>";
		};
		CEF6E06B2878144500A1636F /* View */ = {
			isa = PBXGroup;
			children = (
				CEF6E090287814D100A1636F /* tempHomeView.swift */,
			);
			path = View;
			sourceTree = "<group>";
		};
		CEF6E06C2878144800A1636F /* Model */ = {
			isa = PBXGroup;
			children = (
				CEF6E08E287814CD00A1636F /* tempHomeModel.swift */,
			);
			path = Model;
			sourceTree = "<group>";
		};
		CEF6E06D2878144C00A1636F /* Controller */ = {
			isa = PBXGroup;
			children = (
				CEF6E098287814E100A1636F /* HaruHappicController.swift */,
			);
			path = Controller;
			sourceTree = "<group>";
		};
		CEF6E06E2878144F00A1636F /* View */ = {
			isa = PBXGroup;
			children = (
				CEF6E096287814DD00A1636F /* tempHaruHappicView.swift */,
			);
			path = View;
			sourceTree = "<group>";
		};
		CEF6E06F2878145300A1636F /* Model */ = {
			isa = PBXGroup;
			children = (
				CEF6E094287814DA00A1636F /* tempHaruHappicModel.swift */,
			);
			path = Model;
			sourceTree = "<group>";
		};
		CEF6E0702878145700A1636F /* Controller */ = {
			isa = PBXGroup;
			children = (
				CEF6E09E287814ED00A1636F /* CreateContentsController.swift */,
			);
			path = Controller;
			sourceTree = "<group>";
		};
		CEF6E0712878145A00A1636F /* View */ = {
			isa = PBXGroup;
			children = (
				CEF6E09C287814E900A1636F /* tempCreateContentsView.swift */,
			);
			path = View;
			sourceTree = "<group>";
		};
		CEF6E0722878145D00A1636F /* Model */ = {
			isa = PBXGroup;
			children = (
				CEF6E09A287814E600A1636F /* tempCreateContentsModel.swift */,
			);
			path = Model;
			sourceTree = "<group>";
		};
		CEF6E0732878146100A1636F /* Controller */ = {
			isa = PBXGroup;
			children = (
				CEF6E0A4287814FC00A1636F /* HappicReportController.swift */,
			);
			path = Controller;
			sourceTree = "<group>";
		};
		CEF6E0742878146500A1636F /* View */ = {
			isa = PBXGroup;
			children = (
				CEF6E0A2287814F600A1636F /* BestHappicMomentView.swift */,
			);
			path = View;
			sourceTree = "<group>";
		};
		CEF6E0752878146800A1636F /* Model */ = {
			isa = PBXGroup;
			children = (
				CEF6E0A0287814F200A1636F /* tempHappicReportModel.swift */,
			);
			path = Model;
			sourceTree = "<group>";
		};
		CEF6E0762878146D00A1636F /* Model */ = {
			isa = PBXGroup;
			children = (
				CEF6E0A62878150100A1636F /* tempSettingModel.swift */,
			);
			path = Model;
			sourceTree = "<group>";
		};
		CEF6E0772878146F00A1636F /* Controller */ = {
			isa = PBXGroup;
			children = (
				CEF6E0AA2878150700A1636F /* SettingController.swift */,
			);
			path = Controller;
			sourceTree = "<group>";
		};
		CEF6E0782878147600A1636F /* View */ = {
			isa = PBXGroup;
			children = (
				CEF6E0A82878150400A1636F /* tempSettingView.swift */,
			);
			path = View;
			sourceTree = "<group>";
		};
/* End PBXGroup section */

/* Begin PBXNativeTarget section */
		CEBB69CE2873087D000EEB8A /* Happic-iOS */ = {
			isa = PBXNativeTarget;
			buildConfigurationList = CEBB69E32873087F000EEB8A /* Build configuration list for PBXNativeTarget "Happic-iOS" */;
			buildPhases = (
				CEBB69CB2873087D000EEB8A /* Sources */,
				CEBB69CC2873087D000EEB8A /* Frameworks */,
				CEBB69CD2873087D000EEB8A /* Resources */,
				CEF6E03B2878011300A1636F /* SwiftLint */,
			);
			buildRules = (
			);
			dependencies = (
			);
			name = "Happic-iOS";
			packageProductDependencies = (
				CEA4BE2C2873094C008583C3 /* Then */,
				CEA4BE2F2873096C008583C3 /* SnapKit */,
				CEA4BE32287309A7008583C3 /* Alamofire */,
				CEA4BE35287309D5008583C3 /* Kingfisher */,
				CEF6E0AD2878973E00A1636F /* Tabman */,
			);
			productName = "Happic-iOS";
			productReference = CEBB69CF2873087D000EEB8A /* Happic-iOS.app */;
			productType = "com.apple.product-type.application";
		};
/* End PBXNativeTarget section */

/* Begin PBXProject section */
		CEBB69C72873087D000EEB8A /* Project object */ = {
			isa = PBXProject;
			attributes = {
				BuildIndependentTargetsInParallel = 1;
				LastSwiftUpdateCheck = 1340;
				LastUpgradeCheck = 1340;
				TargetAttributes = {
					CEBB69CE2873087D000EEB8A = {
						CreatedOnToolsVersion = 13.4.1;
					};
				};
			};
			buildConfigurationList = CEBB69CA2873087D000EEB8A /* Build configuration list for PBXProject "Happic-iOS" */;
			compatibilityVersion = "Xcode 13.0";
			developmentRegion = en;
			hasScannedForEncodings = 0;
			knownRegions = (
				en,
				Base,
			);
			mainGroup = CEBB69C62873087D000EEB8A;
			packageReferences = (
				CEA4BE2B2873094C008583C3 /* XCRemoteSwiftPackageReference "Then" */,
				CEA4BE2E2873096C008583C3 /* XCRemoteSwiftPackageReference "SnapKit" */,
				CEA4BE31287309A7008583C3 /* XCRemoteSwiftPackageReference "Alamofire" */,
				CEA4BE34287309D5008583C3 /* XCRemoteSwiftPackageReference "Kingfisher" */,
				CEF6E0AC2878973E00A1636F /* XCRemoteSwiftPackageReference "Tabman" */,
			);
			productRefGroup = CEBB69D02873087D000EEB8A /* Products */;
			projectDirPath = "";
			projectRoot = "";
			targets = (
				CEBB69CE2873087D000EEB8A /* Happic-iOS */,
			);
		};
/* End PBXProject section */

/* Begin PBXResourcesBuildPhase section */
		CEBB69CD2873087D000EEB8A /* Resources */ = {
			isa = PBXResourcesBuildPhase;
			buildActionMask = 2147483647;
			files = (
				CEBB69DF2873087F000EEB8A /* LaunchScreen.storyboard in Resources */,
				8E9D1641287AD0F400269EA2 /* Colors.xcassets in Resources */,
				CEBB69DC2873087F000EEB8A /* Assets.xcassets in Resources */,
			);
			runOnlyForDeploymentPostprocessing = 0;
		};
/* End PBXResourcesBuildPhase section */

/* Begin PBXShellScriptBuildPhase section */
		CEF6E03B2878011300A1636F /* SwiftLint */ = {
			isa = PBXShellScriptBuildPhase;
			buildActionMask = 2147483647;
			files = (
			);
			inputFileListPaths = (
			);
			inputPaths = (
			);
			name = SwiftLint;
			outputFileListPaths = (
			);
			outputPaths = (
			);
			runOnlyForDeploymentPostprocessing = 0;
			shellPath = /bin/sh;
			shellScript = "export PATH=\"$PATH:/opt/homebrew/bin\"\nif which swiftlint > /dev/null; then\n  swiftlint\nelse\n  echo \"warning: SwiftLint not installed, download from https://github.com/realm/SwiftLint\"\nfi\n";
		};
/* End PBXShellScriptBuildPhase section */

/* Begin PBXSourcesBuildPhase section */
		CEBB69CB2873087D000EEB8A /* Sources */ = {
			isa = PBXSourcesBuildPhase;
			buildActionMask = 2147483647;
			files = (
				CEBB69D72873087D000EEB8A /* TabBarController.swift in Sources */,
				CEBB69D32873087D000EEB8A /* AppDelegate.swift in Sources */,
				CEF6E0B42878A08400A1636F /* UITextField+.swift in Sources */,
				CEF6E0A5287814FC00A1636F /* HappicReportController.swift in Sources */,
				CEBB69D52873087D000EEB8A /* SceneDelegate.swift in Sources */,
				CEF6E04328780EDA00A1636F /* tempFoundation.swift in Sources */,
				CEF6E091287814D100A1636F /* tempHomeView.swift in Sources */,
				CEF6E08D287814C900A1636F /* tempHappicCapsuleController.swift in Sources */,
				CEF6E083287814B300A1636F /* tempCreateCharacterModel.swift in Sources */,
				CEF6E0B82878A1C200A1636F /* String+.swift in Sources */,
				CEF6E04528780EE100A1636F /* tempAPIService.swift in Sources */,
				CEF6E099287814E100A1636F /* HaruHappicController.swift in Sources */,
				CEF6E093287814D500A1636F /* HomeController.swift in Sources */,
				CEF6E0AB2878150700A1636F /* SettingController.swift in Sources */,
				CEF6E0B228789FFC00A1636F /* UIViewController+.swift in Sources */,
				CEF6E097287814DD00A1636F /* tempHaruHappicView.swift in Sources */,
				CEF6E04728780EE800A1636F /* tempModel.swift in Sources */,
				CEF6E095287814DA00A1636F /* tempHaruHappicModel.swift in Sources */,
				CE380B0C2878A3AF0030D51A /* NSObject+.swift in Sources */,
				CEF6E05428780FAA00A1636F /* CustomViewPager.swift in Sources */,
				CEF6E07D287814A400A1636F /* tempAuthModel.swift in Sources */,
				CEF6E08B287814C400A1636F /* tempHappicCapsuleView.swift in Sources */,
				8E9D1643287AD62300269EA2 /* UIColorLiteral.swift in Sources */,
				CEF6E087287814BA00A1636F /* tempCreateCharacterController.swift in Sources */,
				CEF6E0A92878150400A1636F /* tempSettingView.swift in Sources */,
				CEF6E09F287814ED00A1636F /* CreateContentsController.swift in Sources */,
				CEF6E081287814AF00A1636F /* tempAuthController.swift in Sources */,
				CEF6E09D287814E900A1636F /* tempCreateContentsView.swift in Sources */,
				CEF6E089287814BF00A1636F /* tempHappicCapsuleModel.swift in Sources */,
				CEF6E07F287814AB00A1636F /* tempAuthView.swift in Sources */,
				CEF6E0B028789F8A00A1636F /* Adjusted+.swift in Sources */,
				CEF6E0BA2878A21B00A1636F /* UserDefaults+.swift in Sources */,
				CEF6E09B287814E600A1636F /* tempCreateContentsModel.swift in Sources */,
				CEF6E0A72878150100A1636F /* tempSettingModel.swift in Sources */,
				CEF6E085287814B700A1636F /* tempCreateCharacterView.swift in Sources */,
				CEF6E0B62878A0C900A1636F /* UIView+.swift in Sources */,
				CEF6E0A1287814F200A1636F /* tempHappicReportModel.swift in Sources */,
				CEF6E08F287814CD00A1636F /* tempHomeModel.swift in Sources */,
				CEF6E0A3287814F600A1636F /* BestHappicMomentView.swift in Sources */,
			);
			runOnlyForDeploymentPostprocessing = 0;
		};
/* End PBXSourcesBuildPhase section */

/* Begin PBXVariantGroup section */
		CEBB69DD2873087F000EEB8A /* LaunchScreen.storyboard */ = {
			isa = PBXVariantGroup;
			children = (
				CEBB69DE2873087F000EEB8A /* Base */,
			);
			name = LaunchScreen.storyboard;
			sourceTree = "<group>";
		};
/* End PBXVariantGroup section */

/* Begin XCBuildConfiguration section */
		CEBB69E12873087F000EEB8A /* Debug */ = {
			isa = XCBuildConfiguration;
			buildSettings = {
				ALWAYS_SEARCH_USER_PATHS = NO;
				CLANG_ANALYZER_NONNULL = YES;
				CLANG_ANALYZER_NUMBER_OBJECT_CONVERSION = YES_AGGRESSIVE;
				CLANG_CXX_LANGUAGE_STANDARD = "gnu++17";
				CLANG_ENABLE_MODULES = YES;
				CLANG_ENABLE_OBJC_ARC = YES;
				CLANG_ENABLE_OBJC_WEAK = YES;
				CLANG_WARN_BLOCK_CAPTURE_AUTORELEASING = YES;
				CLANG_WARN_BOOL_CONVERSION = YES;
				CLANG_WARN_COMMA = YES;
				CLANG_WARN_CONSTANT_CONVERSION = YES;
				CLANG_WARN_DEPRECATED_OBJC_IMPLEMENTATIONS = YES;
				CLANG_WARN_DIRECT_OBJC_ISA_USAGE = YES_ERROR;
				CLANG_WARN_DOCUMENTATION_COMMENTS = YES;
				CLANG_WARN_EMPTY_BODY = YES;
				CLANG_WARN_ENUM_CONVERSION = YES;
				CLANG_WARN_INFINITE_RECURSION = YES;
				CLANG_WARN_INT_CONVERSION = YES;
				CLANG_WARN_NON_LITERAL_NULL_CONVERSION = YES;
				CLANG_WARN_OBJC_IMPLICIT_RETAIN_SELF = YES;
				CLANG_WARN_OBJC_LITERAL_CONVERSION = YES;
				CLANG_WARN_OBJC_ROOT_CLASS = YES_ERROR;
				CLANG_WARN_QUOTED_INCLUDE_IN_FRAMEWORK_HEADER = YES;
				CLANG_WARN_RANGE_LOOP_ANALYSIS = YES;
				CLANG_WARN_STRICT_PROTOTYPES = YES;
				CLANG_WARN_SUSPICIOUS_MOVE = YES;
				CLANG_WARN_UNGUARDED_AVAILABILITY = YES_AGGRESSIVE;
				CLANG_WARN_UNREACHABLE_CODE = YES;
				CLANG_WARN__DUPLICATE_METHOD_MATCH = YES;
				COPY_PHASE_STRIP = NO;
				DEBUG_INFORMATION_FORMAT = dwarf;
				ENABLE_STRICT_OBJC_MSGSEND = YES;
				ENABLE_TESTABILITY = YES;
				GCC_C_LANGUAGE_STANDARD = gnu11;
				GCC_DYNAMIC_NO_PIC = NO;
				GCC_NO_COMMON_BLOCKS = YES;
				GCC_OPTIMIZATION_LEVEL = 0;
				GCC_PREPROCESSOR_DEFINITIONS = (
					"DEBUG=1",
					"$(inherited)",
				);
				GCC_WARN_64_TO_32_BIT_CONVERSION = YES;
				GCC_WARN_ABOUT_RETURN_TYPE = YES_ERROR;
				GCC_WARN_UNDECLARED_SELECTOR = YES;
				GCC_WARN_UNINITIALIZED_AUTOS = YES_AGGRESSIVE;
				GCC_WARN_UNUSED_FUNCTION = YES;
				GCC_WARN_UNUSED_VARIABLE = YES;
				IPHONEOS_DEPLOYMENT_TARGET = 14.0;
				MTL_ENABLE_DEBUG_INFO = INCLUDE_SOURCE;
				MTL_FAST_MATH = YES;
				ONLY_ACTIVE_ARCH = YES;
				SDKROOT = iphoneos;
				SWIFT_ACTIVE_COMPILATION_CONDITIONS = DEBUG;
				SWIFT_OPTIMIZATION_LEVEL = "-Onone";
			};
			name = Debug;
		};
		CEBB69E22873087F000EEB8A /* Release */ = {
			isa = XCBuildConfiguration;
			buildSettings = {
				ALWAYS_SEARCH_USER_PATHS = NO;
				CLANG_ANALYZER_NONNULL = YES;
				CLANG_ANALYZER_NUMBER_OBJECT_CONVERSION = YES_AGGRESSIVE;
				CLANG_CXX_LANGUAGE_STANDARD = "gnu++17";
				CLANG_ENABLE_MODULES = YES;
				CLANG_ENABLE_OBJC_ARC = YES;
				CLANG_ENABLE_OBJC_WEAK = YES;
				CLANG_WARN_BLOCK_CAPTURE_AUTORELEASING = YES;
				CLANG_WARN_BOOL_CONVERSION = YES;
				CLANG_WARN_COMMA = YES;
				CLANG_WARN_CONSTANT_CONVERSION = YES;
				CLANG_WARN_DEPRECATED_OBJC_IMPLEMENTATIONS = YES;
				CLANG_WARN_DIRECT_OBJC_ISA_USAGE = YES_ERROR;
				CLANG_WARN_DOCUMENTATION_COMMENTS = YES;
				CLANG_WARN_EMPTY_BODY = YES;
				CLANG_WARN_ENUM_CONVERSION = YES;
				CLANG_WARN_INFINITE_RECURSION = YES;
				CLANG_WARN_INT_CONVERSION = YES;
				CLANG_WARN_NON_LITERAL_NULL_CONVERSION = YES;
				CLANG_WARN_OBJC_IMPLICIT_RETAIN_SELF = YES;
				CLANG_WARN_OBJC_LITERAL_CONVERSION = YES;
				CLANG_WARN_OBJC_ROOT_CLASS = YES_ERROR;
				CLANG_WARN_QUOTED_INCLUDE_IN_FRAMEWORK_HEADER = YES;
				CLANG_WARN_RANGE_LOOP_ANALYSIS = YES;
				CLANG_WARN_STRICT_PROTOTYPES = YES;
				CLANG_WARN_SUSPICIOUS_MOVE = YES;
				CLANG_WARN_UNGUARDED_AVAILABILITY = YES_AGGRESSIVE;
				CLANG_WARN_UNREACHABLE_CODE = YES;
				CLANG_WARN__DUPLICATE_METHOD_MATCH = YES;
				COPY_PHASE_STRIP = NO;
				DEBUG_INFORMATION_FORMAT = "dwarf-with-dsym";
				ENABLE_NS_ASSERTIONS = NO;
				ENABLE_STRICT_OBJC_MSGSEND = YES;
				GCC_C_LANGUAGE_STANDARD = gnu11;
				GCC_NO_COMMON_BLOCKS = YES;
				GCC_WARN_64_TO_32_BIT_CONVERSION = YES;
				GCC_WARN_ABOUT_RETURN_TYPE = YES_ERROR;
				GCC_WARN_UNDECLARED_SELECTOR = YES;
				GCC_WARN_UNINITIALIZED_AUTOS = YES_AGGRESSIVE;
				GCC_WARN_UNUSED_FUNCTION = YES;
				GCC_WARN_UNUSED_VARIABLE = YES;
				IPHONEOS_DEPLOYMENT_TARGET = 14.0;
				MTL_ENABLE_DEBUG_INFO = NO;
				MTL_FAST_MATH = YES;
				SDKROOT = iphoneos;
				SWIFT_COMPILATION_MODE = wholemodule;
				SWIFT_OPTIMIZATION_LEVEL = "-O";
				VALIDATE_PRODUCT = YES;
			};
			name = Release;
		};
		CEBB69E42873087F000EEB8A /* Debug */ = {
			isa = XCBuildConfiguration;
			buildSettings = {
				ASSETCATALOG_COMPILER_APPICON_NAME = AppIcon;
				ASSETCATALOG_COMPILER_GLOBAL_ACCENT_COLOR_NAME = AccentColor;
				CODE_SIGN_STYLE = Automatic;
				CURRENT_PROJECT_VERSION = 1;
				GENERATE_INFOPLIST_FILE = YES;
				INFOPLIST_FILE = "Happic-iOS/Info.plist";
				INFOPLIST_KEY_UIApplicationSupportsIndirectInputEvents = YES;
				INFOPLIST_KEY_UILaunchStoryboardName = LaunchScreen;
				INFOPLIST_KEY_UISupportedInterfaceOrientations_iPad = "UIInterfaceOrientationPortrait UIInterfaceOrientationPortraitUpsideDown UIInterfaceOrientationLandscapeLeft UIInterfaceOrientationLandscapeRight";
				INFOPLIST_KEY_UISupportedInterfaceOrientations_iPhone = "UIInterfaceOrientationPortrait UIInterfaceOrientationLandscapeLeft UIInterfaceOrientationLandscapeRight";
				INFOPLIST_KEY_UIUserInterfaceStyle = Dark;
				LD_RUNPATH_SEARCH_PATHS = (
					"$(inherited)",
					"@executable_path/Frameworks",
				);
				MARKETING_VERSION = 1.0;
				PRODUCT_BUNDLE_IDENTIFIER = "com.happic.Happic-iOS";
				PRODUCT_NAME = "$(TARGET_NAME)";
				SWIFT_EMIT_LOC_STRINGS = YES;
				SWIFT_VERSION = 5.0;
				TARGETED_DEVICE_FAMILY = 1;
			};
			name = Debug;
		};
		CEBB69E52873087F000EEB8A /* Release */ = {
			isa = XCBuildConfiguration;
			buildSettings = {
				ASSETCATALOG_COMPILER_APPICON_NAME = AppIcon;
				ASSETCATALOG_COMPILER_GLOBAL_ACCENT_COLOR_NAME = AccentColor;
				CODE_SIGN_STYLE = Automatic;
				CURRENT_PROJECT_VERSION = 1;
				GENERATE_INFOPLIST_FILE = YES;
				INFOPLIST_FILE = "Happic-iOS/Info.plist";
				INFOPLIST_KEY_UIApplicationSupportsIndirectInputEvents = YES;
				INFOPLIST_KEY_UILaunchStoryboardName = LaunchScreen;
				INFOPLIST_KEY_UISupportedInterfaceOrientations_iPad = "UIInterfaceOrientationPortrait UIInterfaceOrientationPortraitUpsideDown UIInterfaceOrientationLandscapeLeft UIInterfaceOrientationLandscapeRight";
				INFOPLIST_KEY_UISupportedInterfaceOrientations_iPhone = "UIInterfaceOrientationPortrait UIInterfaceOrientationLandscapeLeft UIInterfaceOrientationLandscapeRight";
				INFOPLIST_KEY_UIUserInterfaceStyle = Dark;
				LD_RUNPATH_SEARCH_PATHS = (
					"$(inherited)",
					"@executable_path/Frameworks",
				);
				MARKETING_VERSION = 1.0;
				PRODUCT_BUNDLE_IDENTIFIER = "com.happic.Happic-iOS";
				PRODUCT_NAME = "$(TARGET_NAME)";
				SWIFT_EMIT_LOC_STRINGS = YES;
				SWIFT_VERSION = 5.0;
				TARGETED_DEVICE_FAMILY = 1;
			};
			name = Release;
		};
/* End XCBuildConfiguration section */

/* Begin XCConfigurationList section */
		CEBB69CA2873087D000EEB8A /* Build configuration list for PBXProject "Happic-iOS" */ = {
			isa = XCConfigurationList;
			buildConfigurations = (
				CEBB69E12873087F000EEB8A /* Debug */,
				CEBB69E22873087F000EEB8A /* Release */,
			);
			defaultConfigurationIsVisible = 0;
			defaultConfigurationName = Release;
		};
		CEBB69E32873087F000EEB8A /* Build configuration list for PBXNativeTarget "Happic-iOS" */ = {
			isa = XCConfigurationList;
			buildConfigurations = (
				CEBB69E42873087F000EEB8A /* Debug */,
				CEBB69E52873087F000EEB8A /* Release */,
			);
			defaultConfigurationIsVisible = 0;
			defaultConfigurationName = Release;
		};
/* End XCConfigurationList section */

/* Begin XCRemoteSwiftPackageReference section */
		CEA4BE2B2873094C008583C3 /* XCRemoteSwiftPackageReference "Then" */ = {
			isa = XCRemoteSwiftPackageReference;
			repositoryURL = "https://github.com/devxoul/Then";
			requirement = {
				branch = master;
				kind = branch;
			};
		};
		CEA4BE2E2873096C008583C3 /* XCRemoteSwiftPackageReference "SnapKit" */ = {
			isa = XCRemoteSwiftPackageReference;
			repositoryURL = "https://github.com/SnapKit/SnapKit";
			requirement = {
				branch = develop;
				kind = branch;
			};
		};
		CEA4BE31287309A7008583C3 /* XCRemoteSwiftPackageReference "Alamofire" */ = {
			isa = XCRemoteSwiftPackageReference;
			repositoryURL = "https://github.com/Alamofire/Alamofire";
			requirement = {
				kind = upToNextMajorVersion;
				minimumVersion = 5.0.0;
			};
		};
		CEA4BE34287309D5008583C3 /* XCRemoteSwiftPackageReference "Kingfisher" */ = {
			isa = XCRemoteSwiftPackageReference;
			repositoryURL = "https://github.com/onevcat/Kingfisher";
			requirement = {
				kind = upToNextMajorVersion;
				minimumVersion = 7.0.0;
			};
		};
		CEF6E0AC2878973E00A1636F /* XCRemoteSwiftPackageReference "Tabman" */ = {
			isa = XCRemoteSwiftPackageReference;
			repositoryURL = "https://github.com/uias/Tabman";
			requirement = {
				branch = main;
				kind = branch;
			};
		};
/* End XCRemoteSwiftPackageReference section */

/* Begin XCSwiftPackageProductDependency section */
		CEA4BE2C2873094C008583C3 /* Then */ = {
			isa = XCSwiftPackageProductDependency;
			package = CEA4BE2B2873094C008583C3 /* XCRemoteSwiftPackageReference "Then" */;
			productName = Then;
		};
		CEA4BE2F2873096C008583C3 /* SnapKit */ = {
			isa = XCSwiftPackageProductDependency;
			package = CEA4BE2E2873096C008583C3 /* XCRemoteSwiftPackageReference "SnapKit" */;
			productName = SnapKit;
		};
		CEA4BE32287309A7008583C3 /* Alamofire */ = {
			isa = XCSwiftPackageProductDependency;
			package = CEA4BE31287309A7008583C3 /* XCRemoteSwiftPackageReference "Alamofire" */;
			productName = Alamofire;
		};
		CEA4BE35287309D5008583C3 /* Kingfisher */ = {
			isa = XCSwiftPackageProductDependency;
			package = CEA4BE34287309D5008583C3 /* XCRemoteSwiftPackageReference "Kingfisher" */;
			productName = Kingfisher;
		};
		CEF6E0AD2878973E00A1636F /* Tabman */ = {
			isa = XCSwiftPackageProductDependency;
			package = CEF6E0AC2878973E00A1636F /* XCRemoteSwiftPackageReference "Tabman" */;
			productName = Tabman;
		};
/* End XCSwiftPackageProductDependency section */
	};
	rootObject = CEBB69C72873087D000EEB8A /* Project object */;
}
