// !$*UTF8*$!
{
	archiveVersion = 1;
	classes = {
	};
	objectVersion = 55;
	objects = {

/* Begin PBXBuildFile section */
		6BB8850E2887E0F300832D00 /* CreateCharacterView.storyboard in Resources */ = {isa = PBXBuildFile; fileRef = 6BB8850C2887E0F300832D00 /* CreateCharacterView.storyboard */; };
		6BB885152887E10D00832D00 /* CreateCharacterViewController.swift in Sources */ = {isa = PBXBuildFile; fileRef = 6BB885122887E10D00832D00 /* CreateCharacterViewController.swift */; };
		6BB885172887F24400832D00 /* CharacterIntroduceView.swift in Sources */ = {isa = PBXBuildFile; fileRef = 6BB885162887F24400832D00 /* CharacterIntroduceView.swift */; };
		6BB885192887F28E00832D00 /* CharacterIntroduceView.xib in Resources */ = {isa = PBXBuildFile; fileRef = 6BB885182887F28E00832D00 /* CharacterIntroduceView.xib */; };
		6BB8851B288992A500832D00 /* CharacterNameView.storyboard in Resources */ = {isa = PBXBuildFile; fileRef = 6BB8851A288992A500832D00 /* CharacterNameView.storyboard */; };
		6BB8851D288992BB00832D00 /* CharacterNameViewController.swift in Sources */ = {isa = PBXBuildFile; fileRef = 6BB8851C288992BB00832D00 /* CharacterNameViewController.swift */; };
		8E09B9182888864900D52581 /* KakaoLoginService.swift in Sources */ = {isa = PBXBuildFile; fileRef = 8E09B9172888864900D52581 /* KakaoLoginService.swift */; };
		8E09E0CB287D4D2A00FB18DD /* ImageLiterals.swift in Sources */ = {isa = PBXBuildFile; fileRef = 8E09E0CA287D4D2A00FB18DD /* ImageLiterals.swift */; };
		8E2F757D2882A315001025DE /* UIImageView+.swift in Sources */ = {isa = PBXBuildFile; fileRef = 8E2F757C2882A315001025DE /* UIImageView+.swift */; };
		8E2F75812882A6DD001025DE /* CustomRecommendTagView.swift in Sources */ = {isa = PBXBuildFile; fileRef = 8E2F75802882A6DD001025DE /* CustomRecommendTagView.swift */; };
		8E367612287D428800326074 /* HaruHappicPhotoController.swift in Sources */ = {isa = PBXBuildFile; fileRef = 8E367611287D428800326074 /* HaruHappicPhotoController.swift */; };
		8E367614287D429600326074 /* HaruHappicTagController.swift in Sources */ = {isa = PBXBuildFile; fileRef = 8E367613287D429600326074 /* HaruHappicTagController.swift */; };
		8E4245072885DA640063368C /* HaruHappicDetailController.swift in Sources */ = {isa = PBXBuildFile; fileRef = 8E4245062885DA640063368C /* HaruHappicDetailController.swift */; };
		8E42450928868C200063368C /* PhotoDetailCollectionViewCell.swift in Sources */ = {isa = PBXBuildFile; fileRef = 8E42450828868C200063368C /* PhotoDetailCollectionViewCell.swift */; };
		8E6D976B2887E29E0010B9E5 /* KakaoSDKAuth in Frameworks */ = {isa = PBXBuildFile; productRef = 8E6D976A2887E29E0010B9E5 /* KakaoSDKAuth */; };
		8E6D976D2887E29E0010B9E5 /* KakaoSDKCommon in Frameworks */ = {isa = PBXBuildFile; productRef = 8E6D976C2887E29E0010B9E5 /* KakaoSDKCommon */; };
		8E6D97702887E7AB0010B9E5 /* KakaoSDKUser in Frameworks */ = {isa = PBXBuildFile; productRef = 8E6D976F2887E7AB0010B9E5 /* KakaoSDKUser */; };
		8E8A1CE4287C75480050184F /* Pretendard-Bold.otf in Resources */ = {isa = PBXBuildFile; fileRef = 8E8A1CDF287C75480050184F /* Pretendard-Bold.otf */; };
		8E8A1CE5287C75480050184F /* Pretendard-Medium.otf in Resources */ = {isa = PBXBuildFile; fileRef = 8E8A1CE0287C75480050184F /* Pretendard-Medium.otf */; };
		8E8A1CE6287C75480050184F /* Pretendard-ExtraBold.otf in Resources */ = {isa = PBXBuildFile; fileRef = 8E8A1CE1287C75480050184F /* Pretendard-ExtraBold.otf */; };
		8E8A1CE7287C75480050184F /* GmarketSansBold.otf in Resources */ = {isa = PBXBuildFile; fileRef = 8E8A1CE2287C75480050184F /* GmarketSansBold.otf */; };
		8E8A1CE8287C75480050184F /* Pretendard-Regular.otf in Resources */ = {isa = PBXBuildFile; fileRef = 8E8A1CE3287C75480050184F /* Pretendard-Regular.otf */; };
		8E8A1CEA287C7C0D0050184F /* FontLiterals.swift in Sources */ = {isa = PBXBuildFile; fileRef = 8E8A1CE9287C7C0D0050184F /* FontLiterals.swift */; };
		8E9D1641287AD0F400269EA2 /* Colors.xcassets in Resources */ = {isa = PBXBuildFile; fileRef = 8E9D1640287AD0F400269EA2 /* Colors.xcassets */; };
		8E9D1643287AD62300269EA2 /* ColorLiterals.swift in Sources */ = {isa = PBXBuildFile; fileRef = 8E9D1642287AD62300269EA2 /* ColorLiterals.swift */; };
		8EB21130287D5A1400F53A95 /* PhotoCollectionViewCell.swift in Sources */ = {isa = PBXBuildFile; fileRef = 8EB2112F287D5A1400F53A95 /* PhotoCollectionViewCell.swift */; };
		8EB21132287D5A1C00F53A95 /* TagCollectionViewCell.swift in Sources */ = {isa = PBXBuildFile; fileRef = 8EB21131287D5A1C00F53A95 /* TagCollectionViewCell.swift */; };
		8EB21134287E8B9500F53A95 /* CustomMonthView.swift in Sources */ = {isa = PBXBuildFile; fileRef = 8EB21133287E8B9500F53A95 /* CustomMonthView.swift */; };
		8EB21136287E9C3D00F53A95 /* CustomMonthPickerView.swift in Sources */ = {isa = PBXBuildFile; fileRef = 8EB21135287E9C3D00F53A95 /* CustomMonthPickerView.swift */; };
		8EC8748A28888E2100974ACE /* PushUserRegisterService.swift in Sources */ = {isa = PBXBuildFile; fileRef = 8EC8748928888E2100974ACE /* PushUserRegisterService.swift */; };
		8EC8749228892F2600974ACE /* HaruHappicService.swift in Sources */ = {isa = PBXBuildFile; fileRef = 8EC8749128892F2600974ACE /* HaruHappicService.swift */; };
		8ECAD2B828894D1C00B2CEF0 /* PostStatusModel.swift in Sources */ = {isa = PBXBuildFile; fileRef = 8ECAD2B728894D1C00B2CEF0 /* PostStatusModel.swift */; };
		8ECAD2BB28894D9700B2CEF0 /* CreateContentsService.swift in Sources */ = {isa = PBXBuildFile; fileRef = 8ECAD2BA28894D9700B2CEF0 /* CreateContentsService.swift */; };
		8ECAD2BD28896E7E00B2CEF0 /* RecommendTagModel.swift in Sources */ = {isa = PBXBuildFile; fileRef = 8ECAD2BC28896E7E00B2CEF0 /* RecommendTagModel.swift */; };
		8ECAD2C1288975CC00B2CEF0 /* CreateContentsModel.swift in Sources */ = {isa = PBXBuildFile; fileRef = 8ECAD2C0288975CC00B2CEF0 /* CreateContentsModel.swift */; };
		8EE207482889939400D0080C /* UploadImageModel.swift in Sources */ = {isa = PBXBuildFile; fileRef = 8EE207472889939400D0080C /* UploadImageModel.swift */; };
		8EE3D740288B2878002F47DA /* HaruHappicModel.swift in Sources */ = {isa = PBXBuildFile; fileRef = 8EE3D73F288B2878002F47DA /* HaruHappicModel.swift */; };
		8EEEED542883DEC800EBE1A9 /* BaseUploadViewController.swift in Sources */ = {isa = PBXBuildFile; fileRef = 8EEEED532883DEC800EBE1A9 /* BaseUploadViewController.swift */; };
		8EF3B64B2883AE82008D6B55 /* ShowToast.swift in Sources */ = {isa = PBXBuildFile; fileRef = 8EF3B64A2883AE82008D6B55 /* ShowToast.swift */; };
		CE380B0C2878A3AF0030D51A /* NSObject+.swift in Sources */ = {isa = PBXBuildFile; fileRef = CE380B0B2878A3AF0030D51A /* NSObject+.swift */; };
		CE479645288420830095ADD4 /* StoryboardLiterals.swift in Sources */ = {isa = PBXBuildFile; fileRef = CE479643288420830095ADD4 /* StoryboardLiterals.swift */; };
		CE479646288420830095ADD4 /* Storyboarded.swift in Sources */ = {isa = PBXBuildFile; fileRef = CE479644288420830095ADD4 /* Storyboarded.swift */; };
		CE479648288420B30095ADD4 /* AuthView.storyboard in Resources */ = {isa = PBXBuildFile; fileRef = CE479647288420B30095ADD4 /* AuthView.storyboard */; };
		CE47964A288420C80095ADD4 /* AuthViewController.swift in Sources */ = {isa = PBXBuildFile; fileRef = CE479649288420C80095ADD4 /* AuthViewController.swift */; };
		CE47964E288435010095ADD4 /* CALayer+.swift in Sources */ = {isa = PBXBuildFile; fileRef = CE47964D288435010095ADD4 /* CALayer+.swift */; };
		CE4796502884878C0095ADD4 /* APIConstants.swift in Sources */ = {isa = PBXBuildFile; fileRef = CE47964F2884878C0095ADD4 /* APIConstants.swift */; };
		CE479652288489F60095ADD4 /* NetworkResult.swift in Sources */ = {isa = PBXBuildFile; fileRef = CE479651288489F60095ADD4 /* NetworkResult.swift */; };
		CE47965428848A450095ADD4 /* BaseResponse.swift in Sources */ = {isa = PBXBuildFile; fileRef = CE47965328848A450095ADD4 /* BaseResponse.swift */; };
		CE47965628848B4F0095ADD4 /* NetworkHelper.swift in Sources */ = {isa = PBXBuildFile; fileRef = CE47965528848B4F0095ADD4 /* NetworkHelper.swift */; };
		CEA4028628807004009D98EF /* SettingCollectionViewCell.swift in Sources */ = {isa = PBXBuildFile; fileRef = CEA4028528807004009D98EF /* SettingCollectionViewCell.swift */; };
		CEA40289288074FE009D98EF /* SettingSectionHeaderCollectionReusableView.swift in Sources */ = {isa = PBXBuildFile; fileRef = CEA40288288074FE009D98EF /* SettingSectionHeaderCollectionReusableView.swift */; };
		CEA4028B2880799B009D98EF /* CustomPopUpController.swift in Sources */ = {isa = PBXBuildFile; fileRef = CEA4028A2880799B009D98EF /* CustomPopUpController.swift */; };
		CEA4028D2880839F009D98EF /* UILabel+.swift in Sources */ = {isa = PBXBuildFile; fileRef = CEA4028C2880839F009D98EF /* UILabel+.swift */; };
		CEA47C4F288934FC008DF7CF /* MonthlyCountModel.swift in Sources */ = {isa = PBXBuildFile; fileRef = CEA47C4E288934FC008DF7CF /* MonthlyCountModel.swift */; };
		CEA47C512889F418008DF7CF /* CategoryRankModel.swift in Sources */ = {isa = PBXBuildFile; fileRef = CEA47C502889F418008DF7CF /* CategoryRankModel.swift */; };
		CEA4BE2D2873094C008583C3 /* Then in Frameworks */ = {isa = PBXBuildFile; productRef = CEA4BE2C2873094C008583C3 /* Then */; };
		CEA4BE302873096C008583C3 /* SnapKit in Frameworks */ = {isa = PBXBuildFile; productRef = CEA4BE2F2873096C008583C3 /* SnapKit */; };
		CEA4BE33287309A7008583C3 /* Alamofire in Frameworks */ = {isa = PBXBuildFile; productRef = CEA4BE32287309A7008583C3 /* Alamofire */; };
		CEA4BE36287309D5008583C3 /* Kingfisher in Frameworks */ = {isa = PBXBuildFile; productRef = CEA4BE35287309D5008583C3 /* Kingfisher */; };
		CEBB69D32873087D000EEB8A /* AppDelegate.swift in Sources */ = {isa = PBXBuildFile; fileRef = CEBB69D22873087D000EEB8A /* AppDelegate.swift */; };
		CEBB69D52873087D000EEB8A /* SceneDelegate.swift in Sources */ = {isa = PBXBuildFile; fileRef = CEBB69D42873087D000EEB8A /* SceneDelegate.swift */; };
		CEBB69D72873087D000EEB8A /* TabBarController.swift in Sources */ = {isa = PBXBuildFile; fileRef = CEBB69D62873087D000EEB8A /* TabBarController.swift */; };
		CEBB69DC2873087F000EEB8A /* Assets.xcassets in Resources */ = {isa = PBXBuildFile; fileRef = CEBB69DB2873087F000EEB8A /* Assets.xcassets */; };
		CEBB69DF2873087F000EEB8A /* LaunchScreen.storyboard in Resources */ = {isa = PBXBuildFile; fileRef = CEBB69DD2873087F000EEB8A /* LaunchScreen.storyboard */; };
		CECD7F3028884D9B00FD1420 /* GoogleService-Info.plist in Resources */ = {isa = PBXBuildFile; fileRef = CECD7F2F28884D9B00FD1420 /* GoogleService-Info.plist */; };
		CECD7F3328884EC400FD1420 /* FirebaseAnalytics in Frameworks */ = {isa = PBXBuildFile; productRef = CECD7F3228884EC400FD1420 /* FirebaseAnalytics */; };
		CECD7F3528884EC400FD1420 /* FirebaseMessaging in Frameworks */ = {isa = PBXBuildFile; productRef = CECD7F3428884EC400FD1420 /* FirebaseMessaging */; };
		CECD7F3C28887F5B00FD1420 /* HappicReportSummaryModel.swift in Sources */ = {isa = PBXBuildFile; fileRef = CECD7F3B28887F5B00FD1420 /* HappicReportSummaryModel.swift */; };
		CECD7F3E2888817D00FD1420 /* HappicReportService.swift in Sources */ = {isa = PBXBuildFile; fileRef = CECD7F3D2888817D00FD1420 /* HappicReportService.swift */; };
		CECD7F40288886AB00FD1420 /* KeywordRankModel.swift in Sources */ = {isa = PBXBuildFile; fileRef = CECD7F3F288886AB00FD1420 /* KeywordRankModel.swift */; };
		CEF6E05428780FAA00A1636F /* CustomViewPager.swift in Sources */ = {isa = PBXBuildFile; fileRef = CEF6E05328780FAA00A1636F /* CustomViewPager.swift */; };
		CEF6E07D287814A400A1636F /* tempAuthModel.swift in Sources */ = {isa = PBXBuildFile; fileRef = CEF6E07C287814A400A1636F /* tempAuthModel.swift */; };
		CEF6E083287814B300A1636F /* tempCreateCharacterModel.swift in Sources */ = {isa = PBXBuildFile; fileRef = CEF6E082287814B300A1636F /* tempCreateCharacterModel.swift */; };
		CEF6E089287814BF00A1636F /* tempHappicCapsuleModel.swift in Sources */ = {isa = PBXBuildFile; fileRef = CEF6E088287814BF00A1636F /* tempHappicCapsuleModel.swift */; };
		CEF6E08B287814C400A1636F /* HappicCapsuleView.swift in Sources */ = {isa = PBXBuildFile; fileRef = CEF6E08A287814C400A1636F /* HappicCapsuleView.swift */; };
		CEF6E08D287814C900A1636F /* HappicCapsuleController.swift in Sources */ = {isa = PBXBuildFile; fileRef = CEF6E08C287814C900A1636F /* HappicCapsuleController.swift */; };
		CEF6E08F287814CD00A1636F /* tempHomeModel.swift in Sources */ = {isa = PBXBuildFile; fileRef = CEF6E08E287814CD00A1636F /* tempHomeModel.swift */; };
		CEF6E091287814D100A1636F /* tempHomeView.swift in Sources */ = {isa = PBXBuildFile; fileRef = CEF6E090287814D100A1636F /* tempHomeView.swift */; };
		CEF6E093287814D500A1636F /* HomeController.swift in Sources */ = {isa = PBXBuildFile; fileRef = CEF6E092287814D500A1636F /* HomeController.swift */; };
		CEF6E095287814DA00A1636F /* tempHaruHappicModel.swift in Sources */ = {isa = PBXBuildFile; fileRef = CEF6E094287814DA00A1636F /* tempHaruHappicModel.swift */; };
		CEF6E099287814E100A1636F /* HaruHappicController.swift in Sources */ = {isa = PBXBuildFile; fileRef = CEF6E098287814E100A1636F /* HaruHappicController.swift */; };
		CEF6E09B287814E600A1636F /* tempCreateContentsModel.swift in Sources */ = {isa = PBXBuildFile; fileRef = CEF6E09A287814E600A1636F /* tempCreateContentsModel.swift */; };
		CEF6E09D287814E900A1636F /* tempCreateContentsView.swift in Sources */ = {isa = PBXBuildFile; fileRef = CEF6E09C287814E900A1636F /* tempCreateContentsView.swift */; };
		CEF6E09F287814ED00A1636F /* CreateContentsController.swift in Sources */ = {isa = PBXBuildFile; fileRef = CEF6E09E287814ED00A1636F /* CreateContentsController.swift */; };
		CEF6E0A1287814F200A1636F /* tempHappicReportModel.swift in Sources */ = {isa = PBXBuildFile; fileRef = CEF6E0A0287814F200A1636F /* tempHappicReportModel.swift */; };
		CEF6E0A3287814F600A1636F /* BestHappicMomentView.swift in Sources */ = {isa = PBXBuildFile; fileRef = CEF6E0A2287814F600A1636F /* BestHappicMomentView.swift */; };
		CEF6E0A5287814FC00A1636F /* HappicReportController.swift in Sources */ = {isa = PBXBuildFile; fileRef = CEF6E0A4287814FC00A1636F /* HappicReportController.swift */; };
		CEF6E0A72878150100A1636F /* tempSettingModel.swift in Sources */ = {isa = PBXBuildFile; fileRef = CEF6E0A62878150100A1636F /* tempSettingModel.swift */; };
		CEF6E0AB2878150700A1636F /* SettingController.swift in Sources */ = {isa = PBXBuildFile; fileRef = CEF6E0AA2878150700A1636F /* SettingController.swift */; };
		CEF6E0AE2878973E00A1636F /* Tabman in Frameworks */ = {isa = PBXBuildFile; productRef = CEF6E0AD2878973E00A1636F /* Tabman */; };
		CEF6E0B028789F8A00A1636F /* Adjusted+.swift in Sources */ = {isa = PBXBuildFile; fileRef = CEF6E0AF28789F8A00A1636F /* Adjusted+.swift */; };
		CEF6E0B228789FFC00A1636F /* UIViewController+.swift in Sources */ = {isa = PBXBuildFile; fileRef = CEF6E0B128789FFC00A1636F /* UIViewController+.swift */; };
		CEF6E0B42878A08400A1636F /* UITextField+.swift in Sources */ = {isa = PBXBuildFile; fileRef = CEF6E0B32878A08400A1636F /* UITextField+.swift */; };
		CEF6E0B62878A0C900A1636F /* UIView+.swift in Sources */ = {isa = PBXBuildFile; fileRef = CEF6E0B52878A0C900A1636F /* UIView+.swift */; };
		CEF6E0B82878A1C200A1636F /* String+.swift in Sources */ = {isa = PBXBuildFile; fileRef = CEF6E0B72878A1C200A1636F /* String+.swift */; };
		CEF6E0BA2878A21B00A1636F /* UserDefaults+.swift in Sources */ = {isa = PBXBuildFile; fileRef = CEF6E0B92878A21B00A1636F /* UserDefaults+.swift */; };
		CEFC3C2C287D27FF00F187BE /* KeywordRankView.swift in Sources */ = {isa = PBXBuildFile; fileRef = CEFC3C2B287D27FF00F187BE /* KeywordRankView.swift */; };
		CEFC3C2E287D285700F187BE /* HappicReportSectionHeader.swift in Sources */ = {isa = PBXBuildFile; fileRef = CEFC3C2D287D285700F187BE /* HappicReportSectionHeader.swift */; };
		CEFC3C32287D374100F187BE /* KeywordRankCollectionViewCell.swift in Sources */ = {isa = PBXBuildFile; fileRef = CEFC3C31287D374100F187BE /* KeywordRankCollectionViewCell.swift */; };
		CEFC3C34287D4ABF00F187BE /* CategoryRankView.swift in Sources */ = {isa = PBXBuildFile; fileRef = CEFC3C33287D4ABF00F187BE /* CategoryRankView.swift */; };
		CEFC3C37287D4D4800F187BE /* CategoryDetailController.swift in Sources */ = {isa = PBXBuildFile; fileRef = CEFC3C36287D4D4800F187BE /* CategoryDetailController.swift */; };
		CEFC3C3F287D5B8D00F187BE /* CategoryDetailCollectionViewCell.swift in Sources */ = {isa = PBXBuildFile; fileRef = CEFC3C3E287D5B8D00F187BE /* CategoryDetailCollectionViewCell.swift */; };
		CEFC3C41287D621B00F187BE /* CategoryDetailWithImageCollectionViewCell.swift in Sources */ = {isa = PBXBuildFile; fileRef = CEFC3C40287D621B00F187BE /* CategoryDetailWithImageCollectionViewCell.swift */; };
		CEFC3C44287DCFF600F187BE /* CalendarHelper.swift in Sources */ = {isa = PBXBuildFile; fileRef = CEFC3C43287DCFF600F187BE /* CalendarHelper.swift */; };
		CEFC3C46287DF5A000F187BE /* MonthHappicRecordView.swift in Sources */ = {isa = PBXBuildFile; fileRef = CEFC3C45287DF5A000F187BE /* MonthHappicRecordView.swift */; };
		CEFC3C49287E945000F187BE /* OverallStatsController.swift in Sources */ = {isa = PBXBuildFile; fileRef = CEFC3C48287E945000F187BE /* OverallStatsController.swift */; };
		CEFC3C4C287E95F900F187BE /* KeywordRankController.swift in Sources */ = {isa = PBXBuildFile; fileRef = CEFC3C4B287E95F900F187BE /* KeywordRankController.swift */; };
		CEFC3C4E287E960800F187BE /* CategoryRankController.swift in Sources */ = {isa = PBXBuildFile; fileRef = CEFC3C4D287E960800F187BE /* CategoryRankController.swift */; };
		CEFC3C50287E961200F187BE /* MonthHappicRecordController.swift in Sources */ = {isa = PBXBuildFile; fileRef = CEFC3C4F287E961200F187BE /* MonthHappicRecordController.swift */; };
		CEFC3C53287EA88C00F187BE /* CustomTabPagerButton.swift in Sources */ = {isa = PBXBuildFile; fileRef = CEFC3C52287EA88C00F187BE /* CustomTabPagerButton.swift */; };
		CEFC3C55287EF75200F187BE /* CustomCalendarView.swift in Sources */ = {isa = PBXBuildFile; fileRef = CEFC3C54287EF75200F187BE /* CustomCalendarView.swift */; };
		CEFC3C57287EFA4D00F187BE /* CalendarCollectionViewCell.swift in Sources */ = {isa = PBXBuildFile; fileRef = CEFC3C56287EFA4D00F187BE /* CalendarCollectionViewCell.swift */; };
/* End PBXBuildFile section */

/* Begin PBXFileReference section */
		6BB8850C2887E0F300832D00 /* CreateCharacterView.storyboard */ = {isa = PBXFileReference; fileEncoding = 4; lastKnownFileType = file.storyboard; path = CreateCharacterView.storyboard; sourceTree = "<group>"; };
		6BB885122887E10D00832D00 /* CreateCharacterViewController.swift */ = {isa = PBXFileReference; fileEncoding = 4; lastKnownFileType = sourcecode.swift; path = CreateCharacterViewController.swift; sourceTree = "<group>"; };
		6BB885162887F24400832D00 /* CharacterIntroduceView.swift */ = {isa = PBXFileReference; lastKnownFileType = sourcecode.swift; path = CharacterIntroduceView.swift; sourceTree = "<group>"; };
		6BB885182887F28E00832D00 /* CharacterIntroduceView.xib */ = {isa = PBXFileReference; lastKnownFileType = file.xib; path = CharacterIntroduceView.xib; sourceTree = "<group>"; };
		6BB8851A288992A500832D00 /* CharacterNameView.storyboard */ = {isa = PBXFileReference; lastKnownFileType = file.storyboard; path = CharacterNameView.storyboard; sourceTree = "<group>"; };
		6BB8851C288992BB00832D00 /* CharacterNameViewController.swift */ = {isa = PBXFileReference; lastKnownFileType = sourcecode.swift; path = CharacterNameViewController.swift; sourceTree = "<group>"; };
		8E09B9172888864900D52581 /* KakaoLoginService.swift */ = {isa = PBXFileReference; lastKnownFileType = sourcecode.swift; path = KakaoLoginService.swift; sourceTree = "<group>"; };
		8E09E0CA287D4D2A00FB18DD /* ImageLiterals.swift */ = {isa = PBXFileReference; lastKnownFileType = sourcecode.swift; path = ImageLiterals.swift; sourceTree = "<group>"; };
		8E2F757C2882A315001025DE /* UIImageView+.swift */ = {isa = PBXFileReference; lastKnownFileType = sourcecode.swift; path = "UIImageView+.swift"; sourceTree = "<group>"; };
		8E2F75802882A6DD001025DE /* CustomRecommendTagView.swift */ = {isa = PBXFileReference; lastKnownFileType = sourcecode.swift; path = CustomRecommendTagView.swift; sourceTree = "<group>"; };
		8E367611287D428800326074 /* HaruHappicPhotoController.swift */ = {isa = PBXFileReference; lastKnownFileType = sourcecode.swift; path = HaruHappicPhotoController.swift; sourceTree = "<group>"; };
		8E367613287D429600326074 /* HaruHappicTagController.swift */ = {isa = PBXFileReference; lastKnownFileType = sourcecode.swift; path = HaruHappicTagController.swift; sourceTree = "<group>"; };
		8E4245062885DA640063368C /* HaruHappicDetailController.swift */ = {isa = PBXFileReference; lastKnownFileType = sourcecode.swift; path = HaruHappicDetailController.swift; sourceTree = "<group>"; };
		8E42450828868C200063368C /* PhotoDetailCollectionViewCell.swift */ = {isa = PBXFileReference; lastKnownFileType = sourcecode.swift; path = PhotoDetailCollectionViewCell.swift; sourceTree = "<group>"; };
		8E8A1CDF287C75480050184F /* Pretendard-Bold.otf */ = {isa = PBXFileReference; lastKnownFileType = file; path = "Pretendard-Bold.otf"; sourceTree = "<group>"; };
		8E8A1CE0287C75480050184F /* Pretendard-Medium.otf */ = {isa = PBXFileReference; lastKnownFileType = file; path = "Pretendard-Medium.otf"; sourceTree = "<group>"; };
		8E8A1CE1287C75480050184F /* Pretendard-ExtraBold.otf */ = {isa = PBXFileReference; lastKnownFileType = file; path = "Pretendard-ExtraBold.otf"; sourceTree = "<group>"; };
		8E8A1CE2287C75480050184F /* GmarketSansBold.otf */ = {isa = PBXFileReference; lastKnownFileType = file; path = GmarketSansBold.otf; sourceTree = "<group>"; };
		8E8A1CE3287C75480050184F /* Pretendard-Regular.otf */ = {isa = PBXFileReference; lastKnownFileType = file; path = "Pretendard-Regular.otf"; sourceTree = "<group>"; };
		8E8A1CE9287C7C0D0050184F /* FontLiterals.swift */ = {isa = PBXFileReference; lastKnownFileType = sourcecode.swift; path = FontLiterals.swift; sourceTree = "<group>"; };
		8E9D1640287AD0F400269EA2 /* Colors.xcassets */ = {isa = PBXFileReference; lastKnownFileType = folder.assetcatalog; path = Colors.xcassets; sourceTree = "<group>"; };
		8E9D1642287AD62300269EA2 /* ColorLiterals.swift */ = {isa = PBXFileReference; lastKnownFileType = sourcecode.swift; path = ColorLiterals.swift; sourceTree = "<group>"; };
		8EB2112F287D5A1400F53A95 /* PhotoCollectionViewCell.swift */ = {isa = PBXFileReference; lastKnownFileType = sourcecode.swift; path = PhotoCollectionViewCell.swift; sourceTree = "<group>"; };
		8EB21131287D5A1C00F53A95 /* TagCollectionViewCell.swift */ = {isa = PBXFileReference; lastKnownFileType = sourcecode.swift; path = TagCollectionViewCell.swift; sourceTree = "<group>"; };
		8EB21133287E8B9500F53A95 /* CustomMonthView.swift */ = {isa = PBXFileReference; lastKnownFileType = sourcecode.swift; path = CustomMonthView.swift; sourceTree = "<group>"; };
		8EB21135287E9C3D00F53A95 /* CustomMonthPickerView.swift */ = {isa = PBXFileReference; lastKnownFileType = sourcecode.swift; path = CustomMonthPickerView.swift; sourceTree = "<group>"; };
		8EC8748928888E2100974ACE /* PushUserRegisterService.swift */ = {isa = PBXFileReference; fileEncoding = 4; lastKnownFileType = sourcecode.swift; path = PushUserRegisterService.swift; sourceTree = "<group>"; };
		8EC8749128892F2600974ACE /* HaruHappicService.swift */ = {isa = PBXFileReference; lastKnownFileType = sourcecode.swift; path = HaruHappicService.swift; sourceTree = "<group>"; };
		8ECAD2B728894D1C00B2CEF0 /* PostStatusModel.swift */ = {isa = PBXFileReference; lastKnownFileType = sourcecode.swift; path = PostStatusModel.swift; sourceTree = "<group>"; };
		8ECAD2BA28894D9700B2CEF0 /* CreateContentsService.swift */ = {isa = PBXFileReference; lastKnownFileType = sourcecode.swift; path = CreateContentsService.swift; sourceTree = "<group>"; };
		8ECAD2BC28896E7E00B2CEF0 /* RecommendTagModel.swift */ = {isa = PBXFileReference; lastKnownFileType = sourcecode.swift; path = RecommendTagModel.swift; sourceTree = "<group>"; };
		8ECAD2C0288975CC00B2CEF0 /* CreateContentsModel.swift */ = {isa = PBXFileReference; lastKnownFileType = sourcecode.swift; path = CreateContentsModel.swift; sourceTree = "<group>"; };
		8EE207472889939400D0080C /* UploadImageModel.swift */ = {isa = PBXFileReference; lastKnownFileType = sourcecode.swift; path = UploadImageModel.swift; sourceTree = "<group>"; };
		8EE3D73F288B2878002F47DA /* HaruHappicModel.swift */ = {isa = PBXFileReference; lastKnownFileType = sourcecode.swift; path = HaruHappicModel.swift; sourceTree = "<group>"; };
		8EEEED532883DEC800EBE1A9 /* BaseUploadViewController.swift */ = {isa = PBXFileReference; lastKnownFileType = sourcecode.swift; path = BaseUploadViewController.swift; sourceTree = "<group>"; };
		8EF3B64A2883AE82008D6B55 /* ShowToast.swift */ = {isa = PBXFileReference; lastKnownFileType = sourcecode.swift; path = ShowToast.swift; sourceTree = "<group>"; };
		CE380B0B2878A3AF0030D51A /* NSObject+.swift */ = {isa = PBXFileReference; lastKnownFileType = sourcecode.swift; path = "NSObject+.swift"; sourceTree = "<group>"; };
		CE479643288420830095ADD4 /* StoryboardLiterals.swift */ = {isa = PBXFileReference; fileEncoding = 4; lastKnownFileType = sourcecode.swift; path = StoryboardLiterals.swift; sourceTree = "<group>"; };
		CE479644288420830095ADD4 /* Storyboarded.swift */ = {isa = PBXFileReference; fileEncoding = 4; lastKnownFileType = sourcecode.swift; path = Storyboarded.swift; sourceTree = "<group>"; };
		CE479647288420B30095ADD4 /* AuthView.storyboard */ = {isa = PBXFileReference; fileEncoding = 4; lastKnownFileType = file.storyboard; path = AuthView.storyboard; sourceTree = "<group>"; };
		CE479649288420C80095ADD4 /* AuthViewController.swift */ = {isa = PBXFileReference; fileEncoding = 4; lastKnownFileType = sourcecode.swift; path = AuthViewController.swift; sourceTree = "<group>"; };
		CE47964D288435010095ADD4 /* CALayer+.swift */ = {isa = PBXFileReference; lastKnownFileType = sourcecode.swift; path = "CALayer+.swift"; sourceTree = "<group>"; };
		CE47964F2884878C0095ADD4 /* APIConstants.swift */ = {isa = PBXFileReference; lastKnownFileType = sourcecode.swift; path = APIConstants.swift; sourceTree = "<group>"; };
		CE479651288489F60095ADD4 /* NetworkResult.swift */ = {isa = PBXFileReference; lastKnownFileType = sourcecode.swift; path = NetworkResult.swift; sourceTree = "<group>"; };
		CE47965328848A450095ADD4 /* BaseResponse.swift */ = {isa = PBXFileReference; lastKnownFileType = sourcecode.swift; path = BaseResponse.swift; sourceTree = "<group>"; };
		CE47965528848B4F0095ADD4 /* NetworkHelper.swift */ = {isa = PBXFileReference; lastKnownFileType = sourcecode.swift; path = NetworkHelper.swift; sourceTree = "<group>"; };
		CEA4028528807004009D98EF /* SettingCollectionViewCell.swift */ = {isa = PBXFileReference; lastKnownFileType = sourcecode.swift; path = SettingCollectionViewCell.swift; sourceTree = "<group>"; };
		CEA40288288074FE009D98EF /* SettingSectionHeaderCollectionReusableView.swift */ = {isa = PBXFileReference; lastKnownFileType = sourcecode.swift; path = SettingSectionHeaderCollectionReusableView.swift; sourceTree = "<group>"; };
		CEA4028A2880799B009D98EF /* CustomPopUpController.swift */ = {isa = PBXFileReference; lastKnownFileType = sourcecode.swift; path = CustomPopUpController.swift; sourceTree = "<group>"; };
		CEA4028C2880839F009D98EF /* UILabel+.swift */ = {isa = PBXFileReference; lastKnownFileType = sourcecode.swift; path = "UILabel+.swift"; sourceTree = "<group>"; };
		CEA47C4E288934FC008DF7CF /* MonthlyCountModel.swift */ = {isa = PBXFileReference; lastKnownFileType = sourcecode.swift; path = MonthlyCountModel.swift; sourceTree = "<group>"; };
		CEA47C502889F418008DF7CF /* CategoryRankModel.swift */ = {isa = PBXFileReference; lastKnownFileType = sourcecode.swift; path = CategoryRankModel.swift; sourceTree = "<group>"; };
		CEBB69CF2873087D000EEB8A /* Happic-iOS.app */ = {isa = PBXFileReference; explicitFileType = wrapper.application; includeInIndex = 0; path = "Happic-iOS.app"; sourceTree = BUILT_PRODUCTS_DIR; };
		CEBB69D22873087D000EEB8A /* AppDelegate.swift */ = {isa = PBXFileReference; lastKnownFileType = sourcecode.swift; path = AppDelegate.swift; sourceTree = "<group>"; };
		CEBB69D42873087D000EEB8A /* SceneDelegate.swift */ = {isa = PBXFileReference; lastKnownFileType = sourcecode.swift; path = SceneDelegate.swift; sourceTree = "<group>"; };
		CEBB69D62873087D000EEB8A /* TabBarController.swift */ = {isa = PBXFileReference; lastKnownFileType = sourcecode.swift; path = TabBarController.swift; sourceTree = "<group>"; };
		CEBB69DB2873087F000EEB8A /* Assets.xcassets */ = {isa = PBXFileReference; lastKnownFileType = folder.assetcatalog; path = Assets.xcassets; sourceTree = "<group>"; };
		CEBB69DE2873087F000EEB8A /* Base */ = {isa = PBXFileReference; lastKnownFileType = file.storyboard; name = Base; path = Base.lproj/LaunchScreen.storyboard; sourceTree = "<group>"; };
		CEBB69E02873087F000EEB8A /* Info.plist */ = {isa = PBXFileReference; lastKnownFileType = text.plist.xml; path = Info.plist; sourceTree = "<group>"; };
		CECD7F2F28884D9B00FD1420 /* GoogleService-Info.plist */ = {isa = PBXFileReference; fileEncoding = 4; lastKnownFileType = text.plist.xml; path = "GoogleService-Info.plist"; sourceTree = "<group>"; };
		CECD7F362888508E00FD1420 /* Happic-iOSRelease.entitlements */ = {isa = PBXFileReference; lastKnownFileType = text.plist.entitlements; path = "Happic-iOSRelease.entitlements"; sourceTree = "<group>"; };
		CECD7F372888666A00FD1420 /* Happic-iOS.entitlements */ = {isa = PBXFileReference; lastKnownFileType = text.plist.entitlements; path = "Happic-iOS.entitlements"; sourceTree = "<group>"; };
		CECD7F3B28887F5B00FD1420 /* HappicReportSummaryModel.swift */ = {isa = PBXFileReference; lastKnownFileType = sourcecode.swift; path = HappicReportSummaryModel.swift; sourceTree = "<group>"; };
		CECD7F3D2888817D00FD1420 /* HappicReportService.swift */ = {isa = PBXFileReference; lastKnownFileType = sourcecode.swift; path = HappicReportService.swift; sourceTree = "<group>"; };
		CECD7F3F288886AB00FD1420 /* KeywordRankModel.swift */ = {isa = PBXFileReference; lastKnownFileType = sourcecode.swift; path = KeywordRankModel.swift; sourceTree = "<group>"; };
		CEF6E05328780FAA00A1636F /* CustomViewPager.swift */ = {isa = PBXFileReference; lastKnownFileType = sourcecode.swift; path = CustomViewPager.swift; sourceTree = "<group>"; };
		CEF6E07C287814A400A1636F /* tempAuthModel.swift */ = {isa = PBXFileReference; lastKnownFileType = sourcecode.swift; path = tempAuthModel.swift; sourceTree = "<group>"; };
		CEF6E082287814B300A1636F /* tempCreateCharacterModel.swift */ = {isa = PBXFileReference; lastKnownFileType = sourcecode.swift; path = tempCreateCharacterModel.swift; sourceTree = "<group>"; };
		CEF6E088287814BF00A1636F /* tempHappicCapsuleModel.swift */ = {isa = PBXFileReference; lastKnownFileType = sourcecode.swift; path = tempHappicCapsuleModel.swift; sourceTree = "<group>"; };
		CEF6E08A287814C400A1636F /* HappicCapsuleView.swift */ = {isa = PBXFileReference; lastKnownFileType = sourcecode.swift; path = HappicCapsuleView.swift; sourceTree = "<group>"; };
		CEF6E08C287814C900A1636F /* HappicCapsuleController.swift */ = {isa = PBXFileReference; lastKnownFileType = sourcecode.swift; path = HappicCapsuleController.swift; sourceTree = "<group>"; };
		CEF6E08E287814CD00A1636F /* tempHomeModel.swift */ = {isa = PBXFileReference; lastKnownFileType = sourcecode.swift; path = tempHomeModel.swift; sourceTree = "<group>"; };
		CEF6E090287814D100A1636F /* tempHomeView.swift */ = {isa = PBXFileReference; lastKnownFileType = sourcecode.swift; path = tempHomeView.swift; sourceTree = "<group>"; };
		CEF6E092287814D500A1636F /* HomeController.swift */ = {isa = PBXFileReference; lastKnownFileType = sourcecode.swift; path = HomeController.swift; sourceTree = "<group>"; };
		CEF6E094287814DA00A1636F /* tempHaruHappicModel.swift */ = {isa = PBXFileReference; lastKnownFileType = sourcecode.swift; path = tempHaruHappicModel.swift; sourceTree = "<group>"; };
		CEF6E098287814E100A1636F /* HaruHappicController.swift */ = {isa = PBXFileReference; lastKnownFileType = sourcecode.swift; path = HaruHappicController.swift; sourceTree = "<group>"; };
		CEF6E09A287814E600A1636F /* tempCreateContentsModel.swift */ = {isa = PBXFileReference; lastKnownFileType = sourcecode.swift; path = tempCreateContentsModel.swift; sourceTree = "<group>"; };
		CEF6E09C287814E900A1636F /* tempCreateContentsView.swift */ = {isa = PBXFileReference; lastKnownFileType = sourcecode.swift; path = tempCreateContentsView.swift; sourceTree = "<group>"; };
		CEF6E09E287814ED00A1636F /* CreateContentsController.swift */ = {isa = PBXFileReference; lastKnownFileType = sourcecode.swift; path = CreateContentsController.swift; sourceTree = "<group>"; };
		CEF6E0A0287814F200A1636F /* tempHappicReportModel.swift */ = {isa = PBXFileReference; lastKnownFileType = sourcecode.swift; path = tempHappicReportModel.swift; sourceTree = "<group>"; };
		CEF6E0A2287814F600A1636F /* BestHappicMomentView.swift */ = {isa = PBXFileReference; lastKnownFileType = sourcecode.swift; path = BestHappicMomentView.swift; sourceTree = "<group>"; };
		CEF6E0A4287814FC00A1636F /* HappicReportController.swift */ = {isa = PBXFileReference; lastKnownFileType = sourcecode.swift; path = HappicReportController.swift; sourceTree = "<group>"; };
		CEF6E0A62878150100A1636F /* tempSettingModel.swift */ = {isa = PBXFileReference; lastKnownFileType = sourcecode.swift; path = tempSettingModel.swift; sourceTree = "<group>"; };
		CEF6E0AA2878150700A1636F /* SettingController.swift */ = {isa = PBXFileReference; lastKnownFileType = sourcecode.swift; path = SettingController.swift; sourceTree = "<group>"; };
		CEF6E0AF28789F8A00A1636F /* Adjusted+.swift */ = {isa = PBXFileReference; lastKnownFileType = sourcecode.swift; path = "Adjusted+.swift"; sourceTree = "<group>"; };
		CEF6E0B128789FFC00A1636F /* UIViewController+.swift */ = {isa = PBXFileReference; lastKnownFileType = sourcecode.swift; path = "UIViewController+.swift"; sourceTree = "<group>"; };
		CEF6E0B32878A08400A1636F /* UITextField+.swift */ = {isa = PBXFileReference; lastKnownFileType = sourcecode.swift; path = "UITextField+.swift"; sourceTree = "<group>"; };
		CEF6E0B52878A0C900A1636F /* UIView+.swift */ = {isa = PBXFileReference; lastKnownFileType = sourcecode.swift; path = "UIView+.swift"; sourceTree = "<group>"; };
		CEF6E0B72878A1C200A1636F /* String+.swift */ = {isa = PBXFileReference; lastKnownFileType = sourcecode.swift; path = "String+.swift"; sourceTree = "<group>"; };
		CEF6E0B92878A21B00A1636F /* UserDefaults+.swift */ = {isa = PBXFileReference; lastKnownFileType = sourcecode.swift; path = "UserDefaults+.swift"; sourceTree = "<group>"; };
		CEFC3C2B287D27FF00F187BE /* KeywordRankView.swift */ = {isa = PBXFileReference; lastKnownFileType = sourcecode.swift; path = KeywordRankView.swift; sourceTree = "<group>"; };
		CEFC3C2D287D285700F187BE /* HappicReportSectionHeader.swift */ = {isa = PBXFileReference; lastKnownFileType = sourcecode.swift; path = HappicReportSectionHeader.swift; sourceTree = "<group>"; };
		CEFC3C31287D374100F187BE /* KeywordRankCollectionViewCell.swift */ = {isa = PBXFileReference; lastKnownFileType = sourcecode.swift; path = KeywordRankCollectionViewCell.swift; sourceTree = "<group>"; };
		CEFC3C33287D4ABF00F187BE /* CategoryRankView.swift */ = {isa = PBXFileReference; lastKnownFileType = sourcecode.swift; path = CategoryRankView.swift; sourceTree = "<group>"; };
		CEFC3C36287D4D4800F187BE /* CategoryDetailController.swift */ = {isa = PBXFileReference; lastKnownFileType = sourcecode.swift; path = CategoryDetailController.swift; sourceTree = "<group>"; };
		CEFC3C3E287D5B8D00F187BE /* CategoryDetailCollectionViewCell.swift */ = {isa = PBXFileReference; lastKnownFileType = sourcecode.swift; path = CategoryDetailCollectionViewCell.swift; sourceTree = "<group>"; };
		CEFC3C40287D621B00F187BE /* CategoryDetailWithImageCollectionViewCell.swift */ = {isa = PBXFileReference; lastKnownFileType = sourcecode.swift; path = CategoryDetailWithImageCollectionViewCell.swift; sourceTree = "<group>"; };
		CEFC3C43287DCFF600F187BE /* CalendarHelper.swift */ = {isa = PBXFileReference; lastKnownFileType = sourcecode.swift; path = CalendarHelper.swift; sourceTree = "<group>"; };
		CEFC3C45287DF5A000F187BE /* MonthHappicRecordView.swift */ = {isa = PBXFileReference; lastKnownFileType = sourcecode.swift; path = MonthHappicRecordView.swift; sourceTree = "<group>"; };
		CEFC3C48287E945000F187BE /* OverallStatsController.swift */ = {isa = PBXFileReference; lastKnownFileType = sourcecode.swift; path = OverallStatsController.swift; sourceTree = "<group>"; };
		CEFC3C4B287E95F900F187BE /* KeywordRankController.swift */ = {isa = PBXFileReference; lastKnownFileType = sourcecode.swift; path = KeywordRankController.swift; sourceTree = "<group>"; };
		CEFC3C4D287E960800F187BE /* CategoryRankController.swift */ = {isa = PBXFileReference; lastKnownFileType = sourcecode.swift; path = CategoryRankController.swift; sourceTree = "<group>"; };
		CEFC3C4F287E961200F187BE /* MonthHappicRecordController.swift */ = {isa = PBXFileReference; lastKnownFileType = sourcecode.swift; path = MonthHappicRecordController.swift; sourceTree = "<group>"; };
		CEFC3C52287EA88C00F187BE /* CustomTabPagerButton.swift */ = {isa = PBXFileReference; lastKnownFileType = sourcecode.swift; path = CustomTabPagerButton.swift; sourceTree = "<group>"; };
		CEFC3C54287EF75200F187BE /* CustomCalendarView.swift */ = {isa = PBXFileReference; lastKnownFileType = sourcecode.swift; path = CustomCalendarView.swift; sourceTree = "<group>"; };
		CEFC3C56287EFA4D00F187BE /* CalendarCollectionViewCell.swift */ = {isa = PBXFileReference; lastKnownFileType = sourcecode.swift; path = CalendarCollectionViewCell.swift; sourceTree = "<group>"; };
/* End PBXFileReference section */

/* Begin PBXFrameworksBuildPhase section */
		CEBB69CC2873087D000EEB8A /* Frameworks */ = {
			isa = PBXFrameworksBuildPhase;
			buildActionMask = 2147483647;
			files = (
				CEF6E0AE2878973E00A1636F /* Tabman in Frameworks */,
				8E6D976D2887E29E0010B9E5 /* KakaoSDKCommon in Frameworks */,
				CECD7F3528884EC400FD1420 /* FirebaseMessaging in Frameworks */,
				CEA4BE36287309D5008583C3 /* Kingfisher in Frameworks */,
				CEA4BE33287309A7008583C3 /* Alamofire in Frameworks */,
				8E6D97702887E7AB0010B9E5 /* KakaoSDKUser in Frameworks */,
				CEA4BE2D2873094C008583C3 /* Then in Frameworks */,
				CEA4BE302873096C008583C3 /* SnapKit in Frameworks */,
				8E6D976B2887E29E0010B9E5 /* KakaoSDKAuth in Frameworks */,
				CECD7F3328884EC400FD1420 /* FirebaseAnalytics in Frameworks */,
			);
			runOnlyForDeploymentPostprocessing = 0;
		};
/* End PBXFrameworksBuildPhase section */

/* Begin PBXGroup section */
		8E6D976E2887E7AB0010B9E5 /* Frameworks */ = {
			isa = PBXGroup;
			children = (
			);
			name = Frameworks;
			sourceTree = "<group>";
		};
		8E8A1CDE287C750D0050184F /* Fonts */ = {
			isa = PBXGroup;
			children = (
				8E8A1CE2287C75480050184F /* GmarketSansBold.otf */,
				8E8A1CDF287C75480050184F /* Pretendard-Bold.otf */,
				8E8A1CE1287C75480050184F /* Pretendard-ExtraBold.otf */,
				8E8A1CE0287C75480050184F /* Pretendard-Medium.otf */,
				8E8A1CE3287C75480050184F /* Pretendard-Regular.otf */,
			);
			path = Fonts;
			sourceTree = "<group>";
		};
		8EB2112E287D59F700F53A95 /* Cells */ = {
			isa = PBXGroup;
			children = (
				8EB2112F287D5A1400F53A95 /* PhotoCollectionViewCell.swift */,
				8EB21131287D5A1C00F53A95 /* TagCollectionViewCell.swift */,
				8E42450828868C200063368C /* PhotoDetailCollectionViewCell.swift */,
			);
			path = Cells;
			sourceTree = "<group>";
		};
		8EC8748B28888E6100974ACE /* AuthService */ = {
			isa = PBXGroup;
			children = (
				8E09B9172888864900D52581 /* KakaoLoginService.swift */,
			);
			path = AuthService;
			sourceTree = "<group>";
		};
		8EC8749028892E2D00974ACE /* HaruHappicService */ = {
			isa = PBXGroup;
			children = (
				8EC8749128892F2600974ACE /* HaruHappicService.swift */,
			);
			path = HaruHappicService;
			sourceTree = "<group>";
		};
		8EC874932889322600974ACE /* HaruHappicModel */ = {
			isa = PBXGroup;
			children = (
				8EE3D73F288B2878002F47DA /* HaruHappicModel.swift */,
			);
			path = HaruHappicModel;
			sourceTree = "<group>";
		};
		8ECAD2B628894B9C00B2CEF0 /* CreateContentsModel */ = {
			isa = PBXGroup;
			children = (
				8ECAD2B728894D1C00B2CEF0 /* PostStatusModel.swift */,
				8EE207472889939400D0080C /* UploadImageModel.swift */,
				8ECAD2BC28896E7E00B2CEF0 /* RecommendTagModel.swift */,
				8ECAD2C0288975CC00B2CEF0 /* CreateContentsModel.swift */,
			);
			path = CreateContentsModel;
			sourceTree = "<group>";
		};
		8ECAD2B928894D7000B2CEF0 /* CreateContentsService */ = {
			isa = PBXGroup;
			children = (
				8ECAD2BA28894D9700B2CEF0 /* CreateContentsService.swift */,
			);
			path = CreateContentsService;
			sourceTree = "<group>";
		};
		8EF3B64C2883DE03008D6B55 /* Base */ = {
			isa = PBXGroup;
			children = (
				8EEEED532883DEC800EBE1A9 /* BaseUploadViewController.swift */,
			);
			path = Base;
			sourceTree = "<group>";
		};
		CE479642288420830095ADD4 /* Protocols */ = {
			isa = PBXGroup;
			children = (
				CE479644288420830095ADD4 /* Storyboarded.swift */,
			);
			path = Protocols;
			sourceTree = "<group>";
		};
		CEA4028428806FE8009D98EF /* Cell */ = {
			isa = PBXGroup;
			children = (
				CEA4028528807004009D98EF /* SettingCollectionViewCell.swift */,
			);
			path = Cell;
			sourceTree = "<group>";
		};
		CEA40287288074DC009D98EF /* SectionHeader */ = {
			isa = PBXGroup;
			children = (
				CEA40288288074FE009D98EF /* SettingSectionHeaderCollectionReusableView.swift */,
			);
			path = SectionHeader;
			sourceTree = "<group>";
		};
		CEBB69C62873087D000EEB8A = {
			isa = PBXGroup;
			children = (
				CEBB69D12873087D000EEB8A /* Happic-iOS */,
				CEBB69D02873087D000EEB8A /* Products */,
				8E6D976E2887E7AB0010B9E5 /* Frameworks */,
			);
			sourceTree = "<group>";
		};
		CEBB69D02873087D000EEB8A /* Products */ = {
			isa = PBXGroup;
			children = (
				CEBB69CF2873087D000EEB8A /* Happic-iOS.app */,
			);
			name = Products;
			sourceTree = "<group>";
		};
		CEBB69D12873087D000EEB8A /* Happic-iOS */ = {
			isa = PBXGroup;
			children = (
				CECD7F372888666A00FD1420 /* Happic-iOS.entitlements */,
				CECD7F362888508E00FD1420 /* Happic-iOSRelease.entitlements */,
				CEF6E03C28780DE000A1636F /* Network */,
				CEF6E03D28780DE900A1636F /* Global */,
				CEF6E03E28780DEF00A1636F /* Screens */,
				CEBB69E02873087F000EEB8A /* Info.plist */,
				CECD7F2F28884D9B00FD1420 /* GoogleService-Info.plist */,
			);
			path = "Happic-iOS";
			sourceTree = "<group>";
		};
		CECD7F3A28887F2100FD1420 /* HappicReportModel */ = {
			isa = PBXGroup;
			children = (
				CECD7F3B28887F5B00FD1420 /* HappicReportSummaryModel.swift */,
				CECD7F3F288886AB00FD1420 /* KeywordRankModel.swift */,
				CEA47C502889F418008DF7CF /* CategoryRankModel.swift */,
				CEA47C4E288934FC008DF7CF /* MonthlyCountModel.swift */,
			);
			path = HappicReportModel;
			sourceTree = "<group>";
		};
		CECD7F41288888A500FD1420 /* HappicReportService */ = {
			isa = PBXGroup;
			children = (
				CECD7F3D2888817D00FD1420 /* HappicReportService.swift */,
			);
			path = HappicReportService;
			sourceTree = "<group>";
		};
		CECD7F42288888B400FD1420 /* PushAlarmService */ = {
			isa = PBXGroup;
			children = (
				8EC8748928888E2100974ACE /* PushUserRegisterService.swift */,
			);
			path = PushAlarmService;
			sourceTree = "<group>";
		};
		CEF6E03C28780DE000A1636F /* Network */ = {
			isa = PBXGroup;
			children = (
				CEF6E04128780EBB00A1636F /* Foundation */,
				CEF6E04028780E7000A1636F /* APIService */,
				CEF6E03F28780E6900A1636F /* Model */,
			);
			path = Network;
			sourceTree = "<group>";
		};
		CEF6E03D28780DE900A1636F /* Global */ = {
			isa = PBXGroup;
			children = (
				CEF6E04C28780F3D00A1636F /* Literal */,
				8EF3B64C2883DE03008D6B55 /* Base */,
				CE479642288420830095ADD4 /* Protocols */,
				CEFC3C42287DCF9900F187BE /* Util */,
				CEF6E04B28780F3000A1636F /* Extension */,
				CEF6E04A28780F2000A1636F /* Resource */,
				CEF6E04928780F0B00A1636F /* UIComponent */,
				CEF6E04828780F0100A1636F /* Supports */,
			);
			path = Global;
			sourceTree = "<group>";
		};
		CEF6E03E28780DEF00A1636F /* Screens */ = {
			isa = PBXGroup;
			children = (
				CEF6E057287810B200A1636F /* Tabbar */,
				CEF6E05B2878127700A1636F /* Auth */,
				CEF6E05A2878124900A1636F /* CreateCharacter */,
				CEF6E05D2878131E00A1636F /* HappicCapsule */,
				CEF6E0592878117F00A1636F /* Home */,
				CEF6E05C2878128F00A1636F /* HaruHappic */,
				CEF6E0602878135400A1636F /* CreateContents */,
				CEF6E05E2878132E00A1636F /* HappicReport */,
				CEF6E05F2878133400A1636F /* Setting */,
			);
			path = Screens;
			sourceTree = "<group>";
		};
		CEF6E03F28780E6900A1636F /* Model */ = {
			isa = PBXGroup;
			children = (
				8EC874932889322600974ACE /* HaruHappicModel */,
				8ECAD2B628894B9C00B2CEF0 /* CreateContentsModel */,
				CECD7F3A28887F2100FD1420 /* HappicReportModel */,
			);
			path = Model;
			sourceTree = "<group>";
		};
		CEF6E04028780E7000A1636F /* APIService */ = {
			isa = PBXGroup;
			children = (
				8EC8748B28888E6100974ACE /* AuthService */,
				8EC8749028892E2D00974ACE /* HaruHappicService */,
				8ECAD2B928894D7000B2CEF0 /* CreateContentsService */,
				CECD7F42288888B400FD1420 /* PushAlarmService */,
				CECD7F41288888A500FD1420 /* HappicReportService */,
			);
			path = APIService;
			sourceTree = "<group>";
		};
		CEF6E04128780EBB00A1636F /* Foundation */ = {
			isa = PBXGroup;
			children = (
				CE47964F2884878C0095ADD4 /* APIConstants.swift */,
				CE479651288489F60095ADD4 /* NetworkResult.swift */,
				CE47965328848A450095ADD4 /* BaseResponse.swift */,
				CE47965528848B4F0095ADD4 /* NetworkHelper.swift */,
			);
			path = Foundation;
			sourceTree = "<group>";
		};
		CEF6E04828780F0100A1636F /* Supports */ = {
			isa = PBXGroup;
			children = (
				CEBB69D22873087D000EEB8A /* AppDelegate.swift */,
				CEBB69D42873087D000EEB8A /* SceneDelegate.swift */,
			);
			path = Supports;
			sourceTree = "<group>";
		};
		CEF6E04928780F0B00A1636F /* UIComponent */ = {
			isa = PBXGroup;
			children = (
				CEF6E05328780FAA00A1636F /* CustomViewPager.swift */,
				8EB21133287E8B9500F53A95 /* CustomMonthView.swift */,
				8EB21135287E9C3D00F53A95 /* CustomMonthPickerView.swift */,
				8E2F75802882A6DD001025DE /* CustomRecommendTagView.swift */,
				CEA4028A2880799B009D98EF /* CustomPopUpController.swift */,
				8EF3B64A2883AE82008D6B55 /* ShowToast.swift */,
			);
			path = UIComponent;
			sourceTree = "<group>";
		};
		CEF6E04A28780F2000A1636F /* Resource */ = {
			isa = PBXGroup;
			children = (
				8E8A1CDE287C750D0050184F /* Fonts */,
				CEBB69DB2873087F000EEB8A /* Assets.xcassets */,
				8E9D1640287AD0F400269EA2 /* Colors.xcassets */,
				CEBB69DD2873087F000EEB8A /* LaunchScreen.storyboard */,
			);
			path = Resource;
			sourceTree = "<group>";
		};
		CEF6E04B28780F3000A1636F /* Extension */ = {
			isa = PBXGroup;
			children = (
				CEF6E0AF28789F8A00A1636F /* Adjusted+.swift */,
				CEF6E0B128789FFC00A1636F /* UIViewController+.swift */,
				CEF6E0B32878A08400A1636F /* UITextField+.swift */,
				CEF6E0B52878A0C900A1636F /* UIView+.swift */,
				CEF6E0B72878A1C200A1636F /* String+.swift */,
				CEF6E0B92878A21B00A1636F /* UserDefaults+.swift */,
				CE380B0B2878A3AF0030D51A /* NSObject+.swift */,
				CEA4028C2880839F009D98EF /* UILabel+.swift */,
				8E2F757C2882A315001025DE /* UIImageView+.swift */,
				CE47964D288435010095ADD4 /* CALayer+.swift */,
			);
			path = Extension;
			sourceTree = "<group>";
		};
		CEF6E04C28780F3D00A1636F /* Literal */ = {
			isa = PBXGroup;
			children = (
				8E09E0CA287D4D2A00FB18DD /* ImageLiterals.swift */,
				8E9D1642287AD62300269EA2 /* ColorLiterals.swift */,
				8E8A1CE9287C7C0D0050184F /* FontLiterals.swift */,
				CE479643288420830095ADD4 /* StoryboardLiterals.swift */,
			);
			path = Literal;
			sourceTree = "<group>";
		};
		CEF6E057287810B200A1636F /* Tabbar */ = {
			isa = PBXGroup;
			children = (
				CEF6E058287810BD00A1636F /* Controller */,
			);
			path = Tabbar;
			sourceTree = "<group>";
		};
		CEF6E058287810BD00A1636F /* Controller */ = {
			isa = PBXGroup;
			children = (
				CEBB69D62873087D000EEB8A /* TabBarController.swift */,
			);
			path = Controller;
			sourceTree = "<group>";
		};
		CEF6E0592878117F00A1636F /* Home */ = {
			isa = PBXGroup;
			children = (
				CEF6E06C2878144800A1636F /* Model */,
				CEF6E06B2878144500A1636F /* View */,
				CEF6E06A2878144100A1636F /* Controller */,
			);
			path = Home;
			sourceTree = "<group>";
		};
		CEF6E05A2878124900A1636F /* CreateCharacter */ = {
			isa = PBXGroup;
			children = (
				CEF6E0662878142900A1636F /* Model */,
				CEF6E0652878142500A1636F /* View */,
				CEF6E0642878142000A1636F /* Controller */,
			);
			path = CreateCharacter;
			sourceTree = "<group>";
		};
		CEF6E05B2878127700A1636F /* Auth */ = {
			isa = PBXGroup;
			children = (
				CEF6E0612878140000A1636F /* Model */,
				CEF6E0622878140500A1636F /* View */,
				CEF6E0632878141000A1636F /* Controller */,
			);
			path = Auth;
			sourceTree = "<group>";
		};
		CEF6E05C2878128F00A1636F /* HaruHappic */ = {
			isa = PBXGroup;
			children = (
				CEF6E06F2878145300A1636F /* Model */,
				CEF6E06E2878144F00A1636F /* View */,
				CEF6E06D2878144C00A1636F /* Controller */,
			);
			path = HaruHappic;
			sourceTree = "<group>";
		};
		CEF6E05D2878131E00A1636F /* HappicCapsule */ = {
			isa = PBXGroup;
			children = (
				CEF6E0692878143700A1636F /* Model */,
				CEF6E0682878143400A1636F /* View */,
				CEF6E0672878143000A1636F /* Controller */,
			);
			path = HappicCapsule;
			sourceTree = "<group>";
		};
		CEF6E05E2878132E00A1636F /* HappicReport */ = {
			isa = PBXGroup;
			children = (
				CEF6E0752878146800A1636F /* Model */,
				CEF6E0742878146500A1636F /* View */,
				CEF6E0732878146100A1636F /* Controller */,
			);
			path = HappicReport;
			sourceTree = "<group>";
		};
		CEF6E05F2878133400A1636F /* Setting */ = {
			isa = PBXGroup;
			children = (
				CEF6E0762878146D00A1636F /* Model */,
				CEF6E0782878147600A1636F /* View */,
				CEF6E0772878146F00A1636F /* Controller */,
			);
			path = Setting;
			sourceTree = "<group>";
		};
		CEF6E0602878135400A1636F /* CreateContents */ = {
			isa = PBXGroup;
			children = (
				CEF6E0722878145D00A1636F /* Model */,
				CEF6E0712878145A00A1636F /* View */,
				CEF6E0702878145700A1636F /* Controller */,
			);
			path = CreateContents;
			sourceTree = "<group>";
		};
		CEF6E0612878140000A1636F /* Model */ = {
			isa = PBXGroup;
			children = (
				CEF6E07C287814A400A1636F /* tempAuthModel.swift */,
			);
			path = Model;
			sourceTree = "<group>";
		};
		CEF6E0622878140500A1636F /* View */ = {
			isa = PBXGroup;
			children = (
				CE479647288420B30095ADD4 /* AuthView.storyboard */,
			);
			path = View;
			sourceTree = "<group>";
		};
		CEF6E0632878141000A1636F /* Controller */ = {
			isa = PBXGroup;
			children = (
				CE479649288420C80095ADD4 /* AuthViewController.swift */,
			);
			path = Controller;
			sourceTree = "<group>";
		};
		CEF6E0642878142000A1636F /* Controller */ = {
			isa = PBXGroup;
			children = (
				6BB885162887F24400832D00 /* CharacterIntroduceView.swift */,
				6BB885122887E10D00832D00 /* CreateCharacterViewController.swift */,
				6BB8851C288992BB00832D00 /* CharacterNameViewController.swift */,
			);
			path = Controller;
			sourceTree = "<group>";
		};
		CEF6E0652878142500A1636F /* View */ = {
			isa = PBXGroup;
			children = (
				6BB8850C2887E0F300832D00 /* CreateCharacterView.storyboard */,
				6BB885182887F28E00832D00 /* CharacterIntroduceView.xib */,
				6BB8851A288992A500832D00 /* CharacterNameView.storyboard */,
			);
			path = View;
			sourceTree = "<group>";
		};
		CEF6E0662878142900A1636F /* Model */ = {
			isa = PBXGroup;
			children = (
				CEF6E082287814B300A1636F /* tempCreateCharacterModel.swift */,
			);
			path = Model;
			sourceTree = "<group>";
		};
		CEF6E0672878143000A1636F /* Controller */ = {
			isa = PBXGroup;
			children = (
				CEF6E08C287814C900A1636F /* HappicCapsuleController.swift */,
			);
			path = Controller;
			sourceTree = "<group>";
		};
		CEF6E0682878143400A1636F /* View */ = {
			isa = PBXGroup;
			children = (
				CEF6E08A287814C400A1636F /* HappicCapsuleView.swift */,
			);
			path = View;
			sourceTree = "<group>";
		};
		CEF6E0692878143700A1636F /* Model */ = {
			isa = PBXGroup;
			children = (
				CEF6E088287814BF00A1636F /* tempHappicCapsuleModel.swift */,
			);
			path = Model;
			sourceTree = "<group>";
		};
		CEF6E06A2878144100A1636F /* Controller */ = {
			isa = PBXGroup;
			children = (
				CEF6E092287814D500A1636F /* HomeController.swift */,
			);
			path = Controller;
			sourceTree = "<group>";
		};
		CEF6E06B2878144500A1636F /* View */ = {
			isa = PBXGroup;
			children = (
				CEF6E090287814D100A1636F /* tempHomeView.swift */,
			);
			path = View;
			sourceTree = "<group>";
		};
		CEF6E06C2878144800A1636F /* Model */ = {
			isa = PBXGroup;
			children = (
				CEF6E08E287814CD00A1636F /* tempHomeModel.swift */,
			);
			path = Model;
			sourceTree = "<group>";
		};
		CEF6E06D2878144C00A1636F /* Controller */ = {
			isa = PBXGroup;
			children = (
				CEF6E098287814E100A1636F /* HaruHappicController.swift */,
				8E4245062885DA640063368C /* HaruHappicDetailController.swift */,
			);
			path = Controller;
			sourceTree = "<group>";
		};
		CEF6E06E2878144F00A1636F /* View */ = {
			isa = PBXGroup;
			children = (
				8EB2112E287D59F700F53A95 /* Cells */,
				8E367611287D428800326074 /* HaruHappicPhotoController.swift */,
				8E367613287D429600326074 /* HaruHappicTagController.swift */,
			);
			path = View;
			sourceTree = "<group>";
		};
		CEF6E06F2878145300A1636F /* Model */ = {
			isa = PBXGroup;
			children = (
				CEF6E094287814DA00A1636F /* tempHaruHappicModel.swift */,
			);
			path = Model;
			sourceTree = "<group>";
		};
		CEF6E0702878145700A1636F /* Controller */ = {
			isa = PBXGroup;
			children = (
				CEF6E09E287814ED00A1636F /* CreateContentsController.swift */,
			);
			path = Controller;
			sourceTree = "<group>";
		};
		CEF6E0712878145A00A1636F /* View */ = {
			isa = PBXGroup;
			children = (
				CEF6E09C287814E900A1636F /* tempCreateContentsView.swift */,
			);
			path = View;
			sourceTree = "<group>";
		};
		CEF6E0722878145D00A1636F /* Model */ = {
			isa = PBXGroup;
			children = (
				CEF6E09A287814E600A1636F /* tempCreateContentsModel.swift */,
			);
			path = Model;
			sourceTree = "<group>";
		};
		CEF6E0732878146100A1636F /* Controller */ = {
			isa = PBXGroup;
			children = (
				CEF6E0A4287814FC00A1636F /* HappicReportController.swift */,
				CEFC3C35287D4CA700F187BE /* CategoryDetailController */,
				CEFC3C47287E90AB00F187BE /* OverallStats */,
			);
			path = Controller;
			sourceTree = "<group>";
		};
		CEF6E0742878146500A1636F /* View */ = {
			isa = PBXGroup;
			children = (
				CEFC3C51287EA84700F187BE /* CustomTabPagerButton */,
				CEFC3C2F287D2FBC00F187BE /* SectionHeader */,
				CEFC3C30287D370D00F187BE /* Cell */,
				CEF6E0A2287814F600A1636F /* BestHappicMomentView.swift */,
				CEFC3C2B287D27FF00F187BE /* KeywordRankView.swift */,
				CEFC3C33287D4ABF00F187BE /* CategoryRankView.swift */,
				CEFC3C45287DF5A000F187BE /* MonthHappicRecordView.swift */,
				CEFC3C54287EF75200F187BE /* CustomCalendarView.swift */,
			);
			path = View;
			sourceTree = "<group>";
		};
		CEF6E0752878146800A1636F /* Model */ = {
			isa = PBXGroup;
			children = (
				CEF6E0A0287814F200A1636F /* tempHappicReportModel.swift */,
			);
			path = Model;
			sourceTree = "<group>";
		};
		CEF6E0762878146D00A1636F /* Model */ = {
			isa = PBXGroup;
			children = (
				CEF6E0A62878150100A1636F /* tempSettingModel.swift */,
			);
			path = Model;
			sourceTree = "<group>";
		};
		CEF6E0772878146F00A1636F /* Controller */ = {
			isa = PBXGroup;
			children = (
				CEF6E0AA2878150700A1636F /* SettingController.swift */,
			);
			path = Controller;
			sourceTree = "<group>";
		};
		CEF6E0782878147600A1636F /* View */ = {
			isa = PBXGroup;
			children = (
				CEA40287288074DC009D98EF /* SectionHeader */,
				CEA4028428806FE8009D98EF /* Cell */,
			);
			path = View;
			sourceTree = "<group>";
		};
		CEFC3C2F287D2FBC00F187BE /* SectionHeader */ = {
			isa = PBXGroup;
			children = (
				CEFC3C2D287D285700F187BE /* HappicReportSectionHeader.swift */,
			);
			path = SectionHeader;
			sourceTree = "<group>";
		};
		CEFC3C30287D370D00F187BE /* Cell */ = {
			isa = PBXGroup;
			children = (
				CEFC3C31287D374100F187BE /* KeywordRankCollectionViewCell.swift */,
				CEFC3C3E287D5B8D00F187BE /* CategoryDetailCollectionViewCell.swift */,
				CEFC3C40287D621B00F187BE /* CategoryDetailWithImageCollectionViewCell.swift */,
				CEFC3C56287EFA4D00F187BE /* CalendarCollectionViewCell.swift */,
			);
			path = Cell;
			sourceTree = "<group>";
		};
		CEFC3C35287D4CA700F187BE /* CategoryDetailController */ = {
			isa = PBXGroup;
			children = (
				CEFC3C36287D4D4800F187BE /* CategoryDetailController.swift */,
			);
			path = CategoryDetailController;
			sourceTree = "<group>";
		};
		CEFC3C42287DCF9900F187BE /* Util */ = {
			isa = PBXGroup;
			children = (
				CEFC3C43287DCFF600F187BE /* CalendarHelper.swift */,
			);
			path = Util;
			sourceTree = "<group>";
		};
		CEFC3C47287E90AB00F187BE /* OverallStats */ = {
			isa = PBXGroup;
			children = (
				CEFC3C48287E945000F187BE /* OverallStatsController.swift */,
				CEFC3C4A287E95BB00F187BE /* StatsController */,
			);
			path = OverallStats;
			sourceTree = "<group>";
		};
		CEFC3C4A287E95BB00F187BE /* StatsController */ = {
			isa = PBXGroup;
			children = (
				CEFC3C4B287E95F900F187BE /* KeywordRankController.swift */,
				CEFC3C4D287E960800F187BE /* CategoryRankController.swift */,
				CEFC3C4F287E961200F187BE /* MonthHappicRecordController.swift */,
			);
			path = StatsController;
			sourceTree = "<group>";
		};
		CEFC3C51287EA84700F187BE /* CustomTabPagerButton */ = {
			isa = PBXGroup;
			children = (
				CEFC3C52287EA88C00F187BE /* CustomTabPagerButton.swift */,
			);
			path = CustomTabPagerButton;
			sourceTree = "<group>";
		};
/* End PBXGroup section */

/* Begin PBXNativeTarget section */
		CEBB69CE2873087D000EEB8A /* Happic-iOS */ = {
			isa = PBXNativeTarget;
			buildConfigurationList = CEBB69E32873087F000EEB8A /* Build configuration list for PBXNativeTarget "Happic-iOS" */;
			buildPhases = (
				CEBB69CB2873087D000EEB8A /* Sources */,
				CEBB69CC2873087D000EEB8A /* Frameworks */,
				CEBB69CD2873087D000EEB8A /* Resources */,
				CEF6E03B2878011300A1636F /* SwiftLint */,
			);
			buildRules = (
			);
			dependencies = (
			);
			name = "Happic-iOS";
			packageProductDependencies = (
				CEA4BE2C2873094C008583C3 /* Then */,
				CEA4BE2F2873096C008583C3 /* SnapKit */,
				CEA4BE32287309A7008583C3 /* Alamofire */,
				CEA4BE35287309D5008583C3 /* Kingfisher */,
				CEF6E0AD2878973E00A1636F /* Tabman */,
				8E6D976A2887E29E0010B9E5 /* KakaoSDKAuth */,
				8E6D976C2887E29E0010B9E5 /* KakaoSDKCommon */,
				8E6D976F2887E7AB0010B9E5 /* KakaoSDKUser */,
				CECD7F3228884EC400FD1420 /* FirebaseAnalytics */,
				CECD7F3428884EC400FD1420 /* FirebaseMessaging */,
			);
			productName = "Happic-iOS";
			productReference = CEBB69CF2873087D000EEB8A /* Happic-iOS.app */;
			productType = "com.apple.product-type.application";
		};
/* End PBXNativeTarget section */

/* Begin PBXProject section */
		CEBB69C72873087D000EEB8A /* Project object */ = {
			isa = PBXProject;
			attributes = {
				BuildIndependentTargetsInParallel = 1;
				LastSwiftUpdateCheck = 1340;
				LastUpgradeCheck = 1340;
				TargetAttributes = {
					CEBB69CE2873087D000EEB8A = {
						CreatedOnToolsVersion = 13.4.1;
					};
				};
			};
			buildConfigurationList = CEBB69CA2873087D000EEB8A /* Build configuration list for PBXProject "Happic-iOS" */;
			compatibilityVersion = "Xcode 13.0";
			developmentRegion = en;
			hasScannedForEncodings = 0;
			knownRegions = (
				en,
				Base,
			);
			mainGroup = CEBB69C62873087D000EEB8A;
			packageReferences = (
				CEA4BE2B2873094C008583C3 /* XCRemoteSwiftPackageReference "Then" */,
				CEA4BE2E2873096C008583C3 /* XCRemoteSwiftPackageReference "SnapKit" */,
				CEA4BE31287309A7008583C3 /* XCRemoteSwiftPackageReference "Alamofire" */,
				CEA4BE34287309D5008583C3 /* XCRemoteSwiftPackageReference "Kingfisher" */,
				CEF6E0AC2878973E00A1636F /* XCRemoteSwiftPackageReference "Tabman" */,
				8E6D97692887E29E0010B9E5 /* XCRemoteSwiftPackageReference "kakao-ios-sdk" */,
				CECD7F3128884EC400FD1420 /* XCRemoteSwiftPackageReference "firebase-ios-sdk" */,
			);
			productRefGroup = CEBB69D02873087D000EEB8A /* Products */;
			projectDirPath = "";
			projectRoot = "";
			targets = (
				CEBB69CE2873087D000EEB8A /* Happic-iOS */,
			);
		};
/* End PBXProject section */

/* Begin PBXResourcesBuildPhase section */
		CEBB69CD2873087D000EEB8A /* Resources */ = {
			isa = PBXResourcesBuildPhase;
			buildActionMask = 2147483647;
			files = (
				6BB885192887F28E00832D00 /* CharacterIntroduceView.xib in Resources */,
				CEBB69DF2873087F000EEB8A /* LaunchScreen.storyboard in Resources */,
				8E8A1CE5287C75480050184F /* Pretendard-Medium.otf in Resources */,
				8E8A1CE6287C75480050184F /* Pretendard-ExtraBold.otf in Resources */,
				8E8A1CE4287C75480050184F /* Pretendard-Bold.otf in Resources */,
				8E9D1641287AD0F400269EA2 /* Colors.xcassets in Resources */,
				8E8A1CE8287C75480050184F /* Pretendard-Regular.otf in Resources */,
				8E8A1CE7287C75480050184F /* GmarketSansBold.otf in Resources */,
				6BB8851B288992A500832D00 /* CharacterNameView.storyboard in Resources */,
				CECD7F3028884D9B00FD1420 /* GoogleService-Info.plist in Resources */,
				CE479648288420B30095ADD4 /* AuthView.storyboard in Resources */,
				CEBB69DC2873087F000EEB8A /* Assets.xcassets in Resources */,
				6BB8850E2887E0F300832D00 /* CreateCharacterView.storyboard in Resources */,
			);
			runOnlyForDeploymentPostprocessing = 0;
		};
/* End PBXResourcesBuildPhase section */

/* Begin PBXShellScriptBuildPhase section */
		CEF6E03B2878011300A1636F /* SwiftLint */ = {
			isa = PBXShellScriptBuildPhase;
			buildActionMask = 2147483647;
			files = (
			);
			inputFileListPaths = (
			);
			inputPaths = (
			);
			name = SwiftLint;
			outputFileListPaths = (
			);
			outputPaths = (
			);
			runOnlyForDeploymentPostprocessing = 0;
			shellPath = /bin/sh;
			shellScript = "export PATH=\"$PATH:/opt/homebrew/bin\"\nif which swiftlint > /dev/null; then\n  swiftlint\nelse\n  echo \"warning: SwiftLint not installed, download from https://github.com/realm/SwiftLint\"\nfi\n";
		};
/* End PBXShellScriptBuildPhase section */

/* Begin PBXSourcesBuildPhase section */
		CEBB69CB2873087D000EEB8A /* Sources */ = {
			isa = PBXSourcesBuildPhase;
			buildActionMask = 2147483647;
			files = (
				CEBB69D72873087D000EEB8A /* TabBarController.swift in Sources */,
				CEBB69D32873087D000EEB8A /* AppDelegate.swift in Sources */,
				CEF6E0B42878A08400A1636F /* UITextField+.swift in Sources */,
				8EC8748A28888E2100974ACE /* PushUserRegisterService.swift in Sources */,
				CECD7F40288886AB00FD1420 /* KeywordRankModel.swift in Sources */,
				CECD7F3C28887F5B00FD1420 /* HappicReportSummaryModel.swift in Sources */,
				8E2F75812882A6DD001025DE /* CustomRecommendTagView.swift in Sources */,
				8EE3D740288B2878002F47DA /* HaruHappicModel.swift in Sources */,
				CEA47C4F288934FC008DF7CF /* MonthlyCountModel.swift in Sources */,
				CEF6E0A5287814FC00A1636F /* HappicReportController.swift in Sources */,
				CEBB69D52873087D000EEB8A /* SceneDelegate.swift in Sources */,
				CEF6E091287814D100A1636F /* tempHomeView.swift in Sources */,
				CEFC3C50287E961200F187BE /* MonthHappicRecordController.swift in Sources */,
				CEFC3C4C287E95F900F187BE /* KeywordRankController.swift in Sources */,
				CEA4028B2880799B009D98EF /* CustomPopUpController.swift in Sources */,
				CEF6E08D287814C900A1636F /* HappicCapsuleController.swift in Sources */,
				CEF6E083287814B300A1636F /* tempCreateCharacterModel.swift in Sources */,
				CEA40289288074FE009D98EF /* SettingSectionHeaderCollectionReusableView.swift in Sources */,
				8EB21130287D5A1400F53A95 /* PhotoCollectionViewCell.swift in Sources */,
				CEA47C512889F418008DF7CF /* CategoryRankModel.swift in Sources */,
				8ECAD2BB28894D9700B2CEF0 /* CreateContentsService.swift in Sources */,
				CEF6E0B82878A1C200A1636F /* String+.swift in Sources */,
				CEFC3C49287E945000F187BE /* OverallStatsController.swift in Sources */,
				CEFC3C53287EA88C00F187BE /* CustomTabPagerButton.swift in Sources */,
				8E2F757D2882A315001025DE /* UIImageView+.swift in Sources */,
				CEF6E099287814E100A1636F /* HaruHappicController.swift in Sources */,
				CEF6E093287814D500A1636F /* HomeController.swift in Sources */,
				CEF6E0AB2878150700A1636F /* SettingController.swift in Sources */,
				8E367614287D429600326074 /* HaruHappicTagController.swift in Sources */,
				8ECAD2BD28896E7E00B2CEF0 /* RecommendTagModel.swift in Sources */,
				CEF6E0B228789FFC00A1636F /* UIViewController+.swift in Sources */,
				8EEEED542883DEC800EBE1A9 /* BaseUploadViewController.swift in Sources */,
				CEFC3C2C287D27FF00F187BE /* KeywordRankView.swift in Sources */,
				8EC8749228892F2600974ACE /* HaruHappicService.swift in Sources */,
				CEFC3C32287D374100F187BE /* KeywordRankCollectionViewCell.swift in Sources */,
				6BB885152887E10D00832D00 /* CreateCharacterViewController.swift in Sources */,
				8E09B9182888864900D52581 /* KakaoLoginService.swift in Sources */,
				CEFC3C57287EFA4D00F187BE /* CalendarCollectionViewCell.swift in Sources */,
				CEF6E095287814DA00A1636F /* tempHaruHappicModel.swift in Sources */,
				8E42450928868C200063368C /* PhotoDetailCollectionViewCell.swift in Sources */,
				CE4796502884878C0095ADD4 /* APIConstants.swift in Sources */,
				CEFC3C55287EF75200F187BE /* CustomCalendarView.swift in Sources */,
				CE47964E288435010095ADD4 /* CALayer+.swift in Sources */,
				CE380B0C2878A3AF0030D51A /* NSObject+.swift in Sources */,
				CEF6E05428780FAA00A1636F /* CustomViewPager.swift in Sources */,
				CEF6E07D287814A400A1636F /* tempAuthModel.swift in Sources */,
				8E4245072885DA640063368C /* HaruHappicDetailController.swift in Sources */,
				8ECAD2B828894D1C00B2CEF0 /* PostStatusModel.swift in Sources */,
				CE47965428848A450095ADD4 /* BaseResponse.swift in Sources */,
				CEF6E08B287814C400A1636F /* HappicCapsuleView.swift in Sources */,
				8E9D1643287AD62300269EA2 /* ColorLiterals.swift in Sources */,
				8E09E0CB287D4D2A00FB18DD /* ImageLiterals.swift in Sources */,
				CE479652288489F60095ADD4 /* NetworkResult.swift in Sources */,
				8EB21132287D5A1C00F53A95 /* TagCollectionViewCell.swift in Sources */,
				8EB21134287E8B9500F53A95 /* CustomMonthView.swift in Sources */,
				CEFC3C34287D4ABF00F187BE /* CategoryRankView.swift in Sources */,
				8ECAD2C1288975CC00B2CEF0 /* CreateContentsModel.swift in Sources */,
				CEA4028628807004009D98EF /* SettingCollectionViewCell.swift in Sources */,
				CEFC3C3F287D5B8D00F187BE /* CategoryDetailCollectionViewCell.swift in Sources */,
				CEFC3C46287DF5A000F187BE /* MonthHappicRecordView.swift in Sources */,
				CEA4028D2880839F009D98EF /* UILabel+.swift in Sources */,
				8EE207482889939400D0080C /* UploadImageModel.swift in Sources */,
				6BB885172887F24400832D00 /* CharacterIntroduceView.swift in Sources */,
				CEF6E09F287814ED00A1636F /* CreateContentsController.swift in Sources */,
				CEFC3C4E287E960800F187BE /* CategoryRankController.swift in Sources */,
				CEF6E09D287814E900A1636F /* tempCreateContentsView.swift in Sources */,
				8EB21136287E9C3D00F53A95 /* CustomMonthPickerView.swift in Sources */,
				6BB8851D288992BB00832D00 /* CharacterNameViewController.swift in Sources */,
				CEFC3C41287D621B00F187BE /* CategoryDetailWithImageCollectionViewCell.swift in Sources */,
				CE47964A288420C80095ADD4 /* AuthViewController.swift in Sources */,
				CEFC3C44287DCFF600F187BE /* CalendarHelper.swift in Sources */,
				CECD7F3E2888817D00FD1420 /* HappicReportService.swift in Sources */,
				CEF6E089287814BF00A1636F /* tempHappicCapsuleModel.swift in Sources */,
				8E367612287D428800326074 /* HaruHappicPhotoController.swift in Sources */,
				CEFC3C2E287D285700F187BE /* HappicReportSectionHeader.swift in Sources */,
				CEF6E0B028789F8A00A1636F /* Adjusted+.swift in Sources */,
				CEF6E0BA2878A21B00A1636F /* UserDefaults+.swift in Sources */,
				8E8A1CEA287C7C0D0050184F /* FontLiterals.swift in Sources */,
				CE479645288420830095ADD4 /* StoryboardLiterals.swift in Sources */,
				CEF6E09B287814E600A1636F /* tempCreateContentsModel.swift in Sources */,
				CEF6E0A72878150100A1636F /* tempSettingModel.swift in Sources */,
				CE47965628848B4F0095ADD4 /* NetworkHelper.swift in Sources */,
				8EF3B64B2883AE82008D6B55 /* ShowToast.swift in Sources */,
				CEFC3C37287D4D4800F187BE /* CategoryDetailController.swift in Sources */,
				CE479646288420830095ADD4 /* Storyboarded.swift in Sources */,
				CEF6E0B62878A0C900A1636F /* UIView+.swift in Sources */,
				CEF6E0A1287814F200A1636F /* tempHappicReportModel.swift in Sources */,
				CEF6E08F287814CD00A1636F /* tempHomeModel.swift in Sources */,
				CEF6E0A3287814F600A1636F /* BestHappicMomentView.swift in Sources */,
			);
			runOnlyForDeploymentPostprocessing = 0;
		};
/* End PBXSourcesBuildPhase section */

/* Begin PBXVariantGroup section */
		CEBB69DD2873087F000EEB8A /* LaunchScreen.storyboard */ = {
			isa = PBXVariantGroup;
			children = (
				CEBB69DE2873087F000EEB8A /* Base */,
			);
			name = LaunchScreen.storyboard;
			sourceTree = "<group>";
		};
/* End PBXVariantGroup section */

/* Begin XCBuildConfiguration section */
		CEBB69E12873087F000EEB8A /* Debug */ = {
			isa = XCBuildConfiguration;
			buildSettings = {
				ALWAYS_SEARCH_USER_PATHS = NO;
				CLANG_ANALYZER_NONNULL = YES;
				CLANG_ANALYZER_NUMBER_OBJECT_CONVERSION = YES_AGGRESSIVE;
				CLANG_CXX_LANGUAGE_STANDARD = "gnu++17";
				CLANG_ENABLE_MODULES = YES;
				CLANG_ENABLE_OBJC_ARC = YES;
				CLANG_ENABLE_OBJC_WEAK = YES;
				CLANG_WARN_BLOCK_CAPTURE_AUTORELEASING = YES;
				CLANG_WARN_BOOL_CONVERSION = YES;
				CLANG_WARN_COMMA = YES;
				CLANG_WARN_CONSTANT_CONVERSION = YES;
				CLANG_WARN_DEPRECATED_OBJC_IMPLEMENTATIONS = YES;
				CLANG_WARN_DIRECT_OBJC_ISA_USAGE = YES_ERROR;
				CLANG_WARN_DOCUMENTATION_COMMENTS = YES;
				CLANG_WARN_EMPTY_BODY = YES;
				CLANG_WARN_ENUM_CONVERSION = YES;
				CLANG_WARN_INFINITE_RECURSION = YES;
				CLANG_WARN_INT_CONVERSION = YES;
				CLANG_WARN_NON_LITERAL_NULL_CONVERSION = YES;
				CLANG_WARN_OBJC_IMPLICIT_RETAIN_SELF = YES;
				CLANG_WARN_OBJC_LITERAL_CONVERSION = YES;
				CLANG_WARN_OBJC_ROOT_CLASS = YES_ERROR;
				CLANG_WARN_QUOTED_INCLUDE_IN_FRAMEWORK_HEADER = YES;
				CLANG_WARN_RANGE_LOOP_ANALYSIS = YES;
				CLANG_WARN_STRICT_PROTOTYPES = YES;
				CLANG_WARN_SUSPICIOUS_MOVE = YES;
				CLANG_WARN_UNGUARDED_AVAILABILITY = YES_AGGRESSIVE;
				CLANG_WARN_UNREACHABLE_CODE = YES;
				CLANG_WARN__DUPLICATE_METHOD_MATCH = YES;
				COPY_PHASE_STRIP = NO;
				DEBUG_INFORMATION_FORMAT = dwarf;
				ENABLE_STRICT_OBJC_MSGSEND = YES;
				ENABLE_TESTABILITY = YES;
				GCC_C_LANGUAGE_STANDARD = gnu11;
				GCC_DYNAMIC_NO_PIC = NO;
				GCC_NO_COMMON_BLOCKS = YES;
				GCC_OPTIMIZATION_LEVEL = 0;
				GCC_PREPROCESSOR_DEFINITIONS = (
					"DEBUG=1",
					"$(inherited)",
				);
				GCC_WARN_64_TO_32_BIT_CONVERSION = YES;
				GCC_WARN_ABOUT_RETURN_TYPE = YES_ERROR;
				GCC_WARN_UNDECLARED_SELECTOR = YES;
				GCC_WARN_UNINITIALIZED_AUTOS = YES_AGGRESSIVE;
				GCC_WARN_UNUSED_FUNCTION = YES;
				GCC_WARN_UNUSED_VARIABLE = YES;
				IPHONEOS_DEPLOYMENT_TARGET = 14.0;
				MTL_ENABLE_DEBUG_INFO = INCLUDE_SOURCE;
				MTL_FAST_MATH = YES;
				ONLY_ACTIVE_ARCH = YES;
				SDKROOT = iphoneos;
				SWIFT_ACTIVE_COMPILATION_CONDITIONS = DEBUG;
				SWIFT_OPTIMIZATION_LEVEL = "-Onone";
			};
			name = Debug;
		};
		CEBB69E22873087F000EEB8A /* Release */ = {
			isa = XCBuildConfiguration;
			buildSettings = {
				ALWAYS_SEARCH_USER_PATHS = NO;
				CLANG_ANALYZER_NONNULL = YES;
				CLANG_ANALYZER_NUMBER_OBJECT_CONVERSION = YES_AGGRESSIVE;
				CLANG_CXX_LANGUAGE_STANDARD = "gnu++17";
				CLANG_ENABLE_MODULES = YES;
				CLANG_ENABLE_OBJC_ARC = YES;
				CLANG_ENABLE_OBJC_WEAK = YES;
				CLANG_WARN_BLOCK_CAPTURE_AUTORELEASING = YES;
				CLANG_WARN_BOOL_CONVERSION = YES;
				CLANG_WARN_COMMA = YES;
				CLANG_WARN_CONSTANT_CONVERSION = YES;
				CLANG_WARN_DEPRECATED_OBJC_IMPLEMENTATIONS = YES;
				CLANG_WARN_DIRECT_OBJC_ISA_USAGE = YES_ERROR;
				CLANG_WARN_DOCUMENTATION_COMMENTS = YES;
				CLANG_WARN_EMPTY_BODY = YES;
				CLANG_WARN_ENUM_CONVERSION = YES;
				CLANG_WARN_INFINITE_RECURSION = YES;
				CLANG_WARN_INT_CONVERSION = YES;
				CLANG_WARN_NON_LITERAL_NULL_CONVERSION = YES;
				CLANG_WARN_OBJC_IMPLICIT_RETAIN_SELF = YES;
				CLANG_WARN_OBJC_LITERAL_CONVERSION = YES;
				CLANG_WARN_OBJC_ROOT_CLASS = YES_ERROR;
				CLANG_WARN_QUOTED_INCLUDE_IN_FRAMEWORK_HEADER = YES;
				CLANG_WARN_RANGE_LOOP_ANALYSIS = YES;
				CLANG_WARN_STRICT_PROTOTYPES = YES;
				CLANG_WARN_SUSPICIOUS_MOVE = YES;
				CLANG_WARN_UNGUARDED_AVAILABILITY = YES_AGGRESSIVE;
				CLANG_WARN_UNREACHABLE_CODE = YES;
				CLANG_WARN__DUPLICATE_METHOD_MATCH = YES;
				COPY_PHASE_STRIP = NO;
				DEBUG_INFORMATION_FORMAT = "dwarf-with-dsym";
				ENABLE_NS_ASSERTIONS = NO;
				ENABLE_STRICT_OBJC_MSGSEND = YES;
				GCC_C_LANGUAGE_STANDARD = gnu11;
				GCC_NO_COMMON_BLOCKS = YES;
				GCC_WARN_64_TO_32_BIT_CONVERSION = YES;
				GCC_WARN_ABOUT_RETURN_TYPE = YES_ERROR;
				GCC_WARN_UNDECLARED_SELECTOR = YES;
				GCC_WARN_UNINITIALIZED_AUTOS = YES_AGGRESSIVE;
				GCC_WARN_UNUSED_FUNCTION = YES;
				GCC_WARN_UNUSED_VARIABLE = YES;
				IPHONEOS_DEPLOYMENT_TARGET = 14.0;
				MTL_ENABLE_DEBUG_INFO = NO;
				MTL_FAST_MATH = YES;
				SDKROOT = iphoneos;
				SWIFT_COMPILATION_MODE = wholemodule;
				SWIFT_OPTIMIZATION_LEVEL = "-O";
				VALIDATE_PRODUCT = YES;
			};
			name = Release;
		};
		CEBB69E42873087F000EEB8A /* Debug */ = {
			isa = XCBuildConfiguration;
			buildSettings = {
				ASSETCATALOG_COMPILER_APPICON_NAME = AppIcon;
				ASSETCATALOG_COMPILER_GLOBAL_ACCENT_COLOR_NAME = AccentColor;
				CODE_SIGN_ENTITLEMENTS = "Happic-iOS/Happic-iOS.entitlements";
				CODE_SIGN_IDENTITY = "iPhone Developer";
				CODE_SIGN_STYLE = Manual;
				CURRENT_PROJECT_VERSION = 1;
				DEVELOPMENT_TEAM = 9K86FQHDLU;
				GENERATE_INFOPLIST_FILE = YES;
				INFOPLIST_FILE = "Happic-iOS/Info.plist";
				INFOPLIST_KEY_NSCameraUsageDescription = "해픽 앱에서 사용자의 카메라를 사용합니다.";
				INFOPLIST_KEY_NSPhotoLibraryUsageDescription = "하루해픽 게시글을 업로드하기 위해 사진첩 권한을 허용해주세요.";
				INFOPLIST_KEY_UIApplicationSupportsIndirectInputEvents = YES;
				INFOPLIST_KEY_UILaunchStoryboardName = LaunchScreen;
				INFOPLIST_KEY_UISupportedInterfaceOrientations_iPad = "UIInterfaceOrientationPortrait UIInterfaceOrientationPortraitUpsideDown UIInterfaceOrientationLandscapeLeft UIInterfaceOrientationLandscapeRight";
				INFOPLIST_KEY_UISupportedInterfaceOrientations_iPhone = "UIInterfaceOrientationPortrait UIInterfaceOrientationLandscapeLeft UIInterfaceOrientationLandscapeRight";
				INFOPLIST_KEY_UIUserInterfaceStyle = Dark;
				LD_RUNPATH_SEARCH_PATHS = (
					"$(inherited)",
					"@executable_path/Frameworks",
				);
				MARKETING_VERSION = 1.0;
				PRODUCT_BUNDLE_IDENTIFIER = "com.happic.Happic-iOS";
				PRODUCT_NAME = "$(TARGET_NAME)";
				PROVISIONING_PROFILE_SPECIFIER = "happic Debug";
				SWIFT_EMIT_LOC_STRINGS = YES;
				SWIFT_VERSION = 5.0;
				TARGETED_DEVICE_FAMILY = 1;
			};
			name = Debug;
		};
		CEBB69E52873087F000EEB8A /* Release */ = {
			isa = XCBuildConfiguration;
			buildSettings = {
				ASSETCATALOG_COMPILER_APPICON_NAME = AppIcon;
				ASSETCATALOG_COMPILER_GLOBAL_ACCENT_COLOR_NAME = AccentColor;
				CODE_SIGN_ENTITLEMENTS = "Happic-iOS/Happic-iOSRelease.entitlements";
				CODE_SIGN_IDENTITY = "iPhone Developer";
				CODE_SIGN_STYLE = Manual;
				CURRENT_PROJECT_VERSION = 1;
				DEVELOPMENT_TEAM = 9K86FQHDLU;
				GENERATE_INFOPLIST_FILE = YES;
				INFOPLIST_FILE = "Happic-iOS/Info.plist";
				INFOPLIST_KEY_NSCameraUsageDescription = "해픽 앱에서 사용자의 카메라를 사용합니다.";
				INFOPLIST_KEY_NSPhotoLibraryUsageDescription = "하루해픽 게시글을 업로드하기 위해 사진첩 권한을 허용해주세요.";
				INFOPLIST_KEY_UIApplicationSupportsIndirectInputEvents = YES;
				INFOPLIST_KEY_UILaunchStoryboardName = LaunchScreen;
				INFOPLIST_KEY_UISupportedInterfaceOrientations_iPad = "UIInterfaceOrientationPortrait UIInterfaceOrientationPortraitUpsideDown UIInterfaceOrientationLandscapeLeft UIInterfaceOrientationLandscapeRight";
				INFOPLIST_KEY_UISupportedInterfaceOrientations_iPhone = "UIInterfaceOrientationPortrait UIInterfaceOrientationLandscapeLeft UIInterfaceOrientationLandscapeRight";
				INFOPLIST_KEY_UIUserInterfaceStyle = Dark;
				LD_RUNPATH_SEARCH_PATHS = (
					"$(inherited)",
					"@executable_path/Frameworks",
				);
				MARKETING_VERSION = 1.0;
				PRODUCT_BUNDLE_IDENTIFIER = "com.happic.Happic-iOS";
				PRODUCT_NAME = "$(TARGET_NAME)";
				PROVISIONING_PROFILE_SPECIFIER = "happic Debug";
				SWIFT_EMIT_LOC_STRINGS = YES;
				SWIFT_VERSION = 5.0;
				TARGETED_DEVICE_FAMILY = 1;
			};
			name = Release;
		};
/* End XCBuildConfiguration section */

/* Begin XCConfigurationList section */
		CEBB69CA2873087D000EEB8A /* Build configuration list for PBXProject "Happic-iOS" */ = {
			isa = XCConfigurationList;
			buildConfigurations = (
				CEBB69E12873087F000EEB8A /* Debug */,
				CEBB69E22873087F000EEB8A /* Release */,
			);
			defaultConfigurationIsVisible = 0;
			defaultConfigurationName = Release;
		};
		CEBB69E32873087F000EEB8A /* Build configuration list for PBXNativeTarget "Happic-iOS" */ = {
			isa = XCConfigurationList;
			buildConfigurations = (
				CEBB69E42873087F000EEB8A /* Debug */,
				CEBB69E52873087F000EEB8A /* Release */,
			);
			defaultConfigurationIsVisible = 0;
			defaultConfigurationName = Release;
		};
/* End XCConfigurationList section */

/* Begin XCRemoteSwiftPackageReference section */
		8E6D97692887E29E0010B9E5 /* XCRemoteSwiftPackageReference "kakao-ios-sdk" */ = {
			isa = XCRemoteSwiftPackageReference;
			repositoryURL = "https://github.com/kakao/kakao-ios-sdk";
			requirement = {
				branch = master;
				kind = branch;
			};
		};
		CEA4BE2B2873094C008583C3 /* XCRemoteSwiftPackageReference "Then" */ = {
			isa = XCRemoteSwiftPackageReference;
			repositoryURL = "https://github.com/devxoul/Then";
			requirement = {
				branch = master;
				kind = branch;
			};
		};
		CEA4BE2E2873096C008583C3 /* XCRemoteSwiftPackageReference "SnapKit" */ = {
			isa = XCRemoteSwiftPackageReference;
			repositoryURL = "https://github.com/SnapKit/SnapKit";
			requirement = {
				branch = develop;
				kind = branch;
			};
		};
		CEA4BE31287309A7008583C3 /* XCRemoteSwiftPackageReference "Alamofire" */ = {
			isa = XCRemoteSwiftPackageReference;
			repositoryURL = "https://github.com/Alamofire/Alamofire";
			requirement = {
				kind = upToNextMajorVersion;
				minimumVersion = 5.0.0;
			};
		};
		CEA4BE34287309D5008583C3 /* XCRemoteSwiftPackageReference "Kingfisher" */ = {
			isa = XCRemoteSwiftPackageReference;
			repositoryURL = "https://github.com/onevcat/Kingfisher";
			requirement = {
				kind = upToNextMajorVersion;
				minimumVersion = 7.0.0;
			};
		};
		CECD7F3128884EC400FD1420 /* XCRemoteSwiftPackageReference "firebase-ios-sdk" */ = {
			isa = XCRemoteSwiftPackageReference;
			repositoryURL = "https://github.com/firebase/firebase-ios-sdk.git";
			requirement = {
				kind = upToNextMajorVersion;
				minimumVersion = 9.0.0;
			};
		};
		CEF6E0AC2878973E00A1636F /* XCRemoteSwiftPackageReference "Tabman" */ = {
			isa = XCRemoteSwiftPackageReference;
			repositoryURL = "https://github.com/uias/Tabman";
			requirement = {
				branch = main;
				kind = branch;
			};
		};
/* End XCRemoteSwiftPackageReference section */

/* Begin XCSwiftPackageProductDependency section */
		8E6D976A2887E29E0010B9E5 /* KakaoSDKAuth */ = {
			isa = XCSwiftPackageProductDependency;
			package = 8E6D97692887E29E0010B9E5 /* XCRemoteSwiftPackageReference "kakao-ios-sdk" */;
			productName = KakaoSDKAuth;
		};
		8E6D976C2887E29E0010B9E5 /* KakaoSDKCommon */ = {
			isa = XCSwiftPackageProductDependency;
			package = 8E6D97692887E29E0010B9E5 /* XCRemoteSwiftPackageReference "kakao-ios-sdk" */;
			productName = KakaoSDKCommon;
		};
		8E6D976F2887E7AB0010B9E5 /* KakaoSDKUser */ = {
			isa = XCSwiftPackageProductDependency;
			package = 8E6D97692887E29E0010B9E5 /* XCRemoteSwiftPackageReference "kakao-ios-sdk" */;
			productName = KakaoSDKUser;
		};
		CEA4BE2C2873094C008583C3 /* Then */ = {
			isa = XCSwiftPackageProductDependency;
			package = CEA4BE2B2873094C008583C3 /* XCRemoteSwiftPackageReference "Then" */;
			productName = Then;
		};
		CEA4BE2F2873096C008583C3 /* SnapKit */ = {
			isa = XCSwiftPackageProductDependency;
			package = CEA4BE2E2873096C008583C3 /* XCRemoteSwiftPackageReference "SnapKit" */;
			productName = SnapKit;
		};
		CEA4BE32287309A7008583C3 /* Alamofire */ = {
			isa = XCSwiftPackageProductDependency;
			package = CEA4BE31287309A7008583C3 /* XCRemoteSwiftPackageReference "Alamofire" */;
			productName = Alamofire;
		};
		CEA4BE35287309D5008583C3 /* Kingfisher */ = {
			isa = XCSwiftPackageProductDependency;
			package = CEA4BE34287309D5008583C3 /* XCRemoteSwiftPackageReference "Kingfisher" */;
			productName = Kingfisher;
		};
		CECD7F3228884EC400FD1420 /* FirebaseAnalytics */ = {
			isa = XCSwiftPackageProductDependency;
			package = CECD7F3128884EC400FD1420 /* XCRemoteSwiftPackageReference "firebase-ios-sdk" */;
			productName = FirebaseAnalytics;
		};
		CECD7F3428884EC400FD1420 /* FirebaseMessaging */ = {
			isa = XCSwiftPackageProductDependency;
			package = CECD7F3128884EC400FD1420 /* XCRemoteSwiftPackageReference "firebase-ios-sdk" */;
			productName = FirebaseMessaging;
		};
		CEF6E0AD2878973E00A1636F /* Tabman */ = {
			isa = XCSwiftPackageProductDependency;
			package = CEF6E0AC2878973E00A1636F /* XCRemoteSwiftPackageReference "Tabman" */;
			productName = Tabman;
		};
/* End XCSwiftPackageProductDependency section */
	};
	rootObject = CEBB69C72873087D000EEB8A /* Project object */;
}
